// !$*UTF8*$!
{
	archiveVersion = 1;
	classes = {
	};
	objectVersion = 46;
	objects = {

/* Begin PBXBuildFile section */
		185C99393E0FFB186A3B1DE4 /* Pods_Tinylog.framework in Frameworks */ = {isa = PBXBuildFile; fileRef = CCCB1EEBF9EAC162DF797006 /* Pods_Tinylog.framework */; };
		5609F649226B4DCB00F6AF0E /* Localizable.strings in Resources */ = {isa = PBXBuildFile; fileRef = 5609F647226B4DCB00F6AF0E /* Localizable.strings */; };
		5609F64E226B4EC700F6AF0E /* Environment.swift in Sources */ = {isa = PBXBuildFile; fileRef = 5609F64D226B4EC700F6AF0E /* Environment.swift */; };
		5609F65B226B552300F6AF0E /* XCTestCase+Environment.swift in Sources */ = {isa = PBXBuildFile; fileRef = 5609F65A226B552300F6AF0E /* XCTestCase+Environment.swift */; };
		5609F65D226B56A900F6AF0E /* LocalizedStringTests.swift in Sources */ = {isa = PBXBuildFile; fileRef = 5609F65C226B56A900F6AF0E /* LocalizedStringTests.swift */; };
		56119AED226F90EA00F8D798 /* CoreDataManager.swift in Sources */ = {isa = PBXBuildFile; fileRef = 56119AEC226F90EA00F8D798 /* CoreDataManager.swift */; };
		561A25BE2116EBE500B28644 /* Secrets.swift in Sources */ = {isa = PBXBuildFile; fileRef = 561A25BD2116EBE400B28644 /* Secrets.swift */; };
		5621958D226A5D3F00749A31 /* ListsViewControllerTests.swift in Sources */ = {isa = PBXBuildFile; fileRef = 5621958C226A5D3F00749A31 /* ListsViewControllerTests.swift */; };
		5628E8CE1E85898700AAFD20 /* Assets.xcassets in Resources */ = {isa = PBXBuildFile; fileRef = 5628E8CD1E85898700AAFD20 /* Assets.xcassets */; };
		5628E8DC1E85898700AAFD20 /* EnvironmentTests.swift in Sources */ = {isa = PBXBuildFile; fileRef = 5628E8DB1E85898700AAFD20 /* EnvironmentTests.swift */; };
		5638FC2E227443E600CB4071 /* SetupViewControllerTests.swift in Sources */ = {isa = PBXBuildFile; fileRef = 5638FC2D227443E600CB4071 /* SetupViewControllerTests.swift */; };
		5638FC4C22744CDC00CB4071 /* TLIGroupedTableViewCell.swift in Sources */ = {isa = PBXBuildFile; fileRef = 5638FC3122744CDC00CB4071 /* TLIGroupedTableViewCell.swift */; };
		5638FC4D22744CDC00CB4071 /* TLIHelpTableViewCell.swift in Sources */ = {isa = PBXBuildFile; fileRef = 5638FC3222744CDC00CB4071 /* TLIHelpTableViewCell.swift */; };
		5638FC4E22744CDC00CB4071 /* TLITaskTableViewCell.swift in Sources */ = {isa = PBXBuildFile; fileRef = 5638FC3322744CDC00CB4071 /* TLITaskTableViewCell.swift */; };
		5638FC4F22744CDC00CB4071 /* TLIListTableViewCell.swift in Sources */ = {isa = PBXBuildFile; fileRef = 5638FC3422744CDC00CB4071 /* TLIListTableViewCell.swift */; };
		5638FC5022744CDC00CB4071 /* TLITextFieldCell.swift in Sources */ = {isa = PBXBuildFile; fileRef = 5638FC3522744CDC00CB4071 /* TLITextFieldCell.swift */; };
		5638FC5122744CDC00CB4071 /* TLITableViewCell.swift in Sources */ = {isa = PBXBuildFile; fileRef = 5638FC3622744CDC00CB4071 /* TLITableViewCell.swift */; };
		5638FC5222744CDC00CB4071 /* TLICircleButton.swift in Sources */ = {isa = PBXBuildFile; fileRef = 5638FC3822744CDC00CB4071 /* TLICircleButton.swift */; };
		5638FC5322744CDC00CB4071 /* TLIExportTasksButton.swift in Sources */ = {isa = PBXBuildFile; fileRef = 5638FC3922744CDC00CB4071 /* TLIExportTasksButton.swift */; };
		5638FC5422744CDC00CB4071 /* TLIRoundedButton.swift in Sources */ = {isa = PBXBuildFile; fileRef = 5638FC3A22744CDC00CB4071 /* TLIRoundedButton.swift */; };
		5638FC5522744CDC00CB4071 /* TLIArchiveButton.swift in Sources */ = {isa = PBXBuildFile; fileRef = 5638FC3B22744CDC00CB4071 /* TLIArchiveButton.swift */; };
		5638FC5622744CDC00CB4071 /* TLICloseButton.swift in Sources */ = {isa = PBXBuildFile; fileRef = 5638FC3C22744CDC00CB4071 /* TLICloseButton.swift */; };
		5638FC5722744CDC00CB4071 /* TLICheckBoxButton.swift in Sources */ = {isa = PBXBuildFile; fileRef = 5638FC3D22744CDC00CB4071 /* TLICheckBoxButton.swift */; };
		5638FC5822744CDC00CB4071 /* TLIAddListButton.swift in Sources */ = {isa = PBXBuildFile; fileRef = 5638FC3E22744CDC00CB4071 /* TLIAddListButton.swift */; };
		5638FC5922744CDC00CB4071 /* TLITextField.m in Sources */ = {isa = PBXBuildFile; fileRef = 5638FC3F22744CDC00CB4071 /* TLITextField.m */; };
		5638FC5A22744CDC00CB4071 /* ListsFooterView.swift in Sources */ = {isa = PBXBuildFile; fileRef = 5638FC4022744CDC00CB4071 /* ListsFooterView.swift */; };
		5638FC5B22744CDC00CB4071 /* StepSliderControl.m in Sources */ = {isa = PBXBuildFile; fileRef = 5638FC4322744CDC00CB4071 /* StepSliderControl.m */; };
		5638FC5C22744CDC00CB4071 /* TLIMenuColorsView.swift in Sources */ = {isa = PBXBuildFile; fileRef = 5638FC4522744CDC00CB4071 /* TLIMenuColorsView.swift */; };
		5638FC5D22744CDC00CB4071 /* TLITouchableView.swift in Sources */ = {isa = PBXBuildFile; fileRef = 5638FC4622744CDC00CB4071 /* TLITouchableView.swift */; };
		5638FC5E22744CDC00CB4071 /* SGTextField.swift in Sources */ = {isa = PBXBuildFile; fileRef = 5638FC4722744CDC00CB4071 /* SGTextField.swift */; };
		5638FC5F22744CDC00CB4071 /* TLITasksFooterView.swift in Sources */ = {isa = PBXBuildFile; fileRef = 5638FC4822744CDC00CB4071 /* TLITasksFooterView.swift */; };
		5638FC6022744CDC00CB4071 /* TLIKeyboardBar.swift in Sources */ = {isa = PBXBuildFile; fileRef = 5638FC4A22744CDC00CB4071 /* TLIKeyboardBar.swift */; };
		5638FC6122744CDC00CB4071 /* TLIAddTaskView.swift in Sources */ = {isa = PBXBuildFile; fileRef = 5638FC4B22744CDC00CB4071 /* TLIAddTaskView.swift */; };
		5638FC7922744D8200CB4071 /* TLIGroupedTableViewController.swift in Sources */ = {isa = PBXBuildFile; fileRef = 5638FC6422744D8200CB4071 /* TLIGroupedTableViewController.swift */; };
		5638FC7A22744D8200CB4071 /* TLISettingsTableViewController.swift in Sources */ = {isa = PBXBuildFile; fileRef = 5638FC6622744D8200CB4071 /* TLISettingsTableViewController.swift */; };
		5638FC7B22744D8200CB4071 /* TLIHelpTableViewController.swift in Sources */ = {isa = PBXBuildFile; fileRef = 5638FC6722744D8200CB4071 /* TLIHelpTableViewController.swift */; };
		5638FC7C22744D8200CB4071 /* TLIAboutViewController.swift in Sources */ = {isa = PBXBuildFile; fileRef = 5638FC6822744D8200CB4071 /* TLIAboutViewController.swift */; };
		5638FC7D22744D8200CB4071 /* TLISettingsFontPickerViewController.swift in Sources */ = {isa = PBXBuildFile; fileRef = 5638FC6922744D8200CB4071 /* TLISettingsFontPickerViewController.swift */; };
		5638FC7E22744D8200CB4071 /* TLITextSizeViewController.swift in Sources */ = {isa = PBXBuildFile; fileRef = 5638FC6A22744D8200CB4071 /* TLITextSizeViewController.swift */; };
		5638FC7F22744D8200CB4071 /* TLIEditTaskViewController.swift in Sources */ = {isa = PBXBuildFile; fileRef = 5638FC6C22744D8200CB4071 /* TLIEditTaskViewController.swift */; };
		5638FC8022744D8200CB4071 /* TLITasksViewController.swift in Sources */ = {isa = PBXBuildFile; fileRef = 5638FC6D22744D8200CB4071 /* TLITasksViewController.swift */; };
		5638FC8122744D8200CB4071 /* TLIArchiveTasksViewController.swift in Sources */ = {isa = PBXBuildFile; fileRef = 5638FC6F22744D8200CB4071 /* TLIArchiveTasksViewController.swift */; };
		5638FC8222744D8200CB4071 /* TLIArchiveViewController.swift in Sources */ = {isa = PBXBuildFile; fileRef = 5638FC7022744D8200CB4071 /* TLIArchiveViewController.swift */; };
		5638FC8322744D8200CB4071 /* ResultsTableViewController.swift in Sources */ = {isa = PBXBuildFile; fileRef = 5638FC7222744D8200CB4071 /* ResultsTableViewController.swift */; };
		5638FC8422744D8200CB4071 /* ListsViewController.swift in Sources */ = {isa = PBXBuildFile; fileRef = 5638FC7322744D8200CB4071 /* ListsViewController.swift */; };
		5638FC8522744D8200CB4071 /* AddListViewController.swift in Sources */ = {isa = PBXBuildFile; fileRef = 5638FC7422744D8200CB4071 /* AddListViewController.swift */; };
		5638FC8622744D8200CB4071 /* SetupViewController.swift in Sources */ = {isa = PBXBuildFile; fileRef = 5638FC7622744D8200CB4071 /* SetupViewController.swift */; };
		5638FC8722744D8200CB4071 /* TLISplitViewController.swift in Sources */ = {isa = PBXBuildFile; fileRef = 5638FC7822744D8200CB4071 /* TLISplitViewController.swift */; };
		5638FC8A22744ECF00CB4071 /* Utils.swift in Sources */ = {isa = PBXBuildFile; fileRef = 5638FC8922744ECF00CB4071 /* Utils.swift */; };
		5638FC8C22744F2200CB4071 /* PlistInfo.swift in Sources */ = {isa = PBXBuildFile; fileRef = 5638FC8B22744F2200CB4071 /* PlistInfo.swift */; };
		5638FC9322744F4000CB4071 /* UserDefaultsType.swift in Sources */ = {isa = PBXBuildFile; fileRef = 5638FC8E22744F4000CB4071 /* UserDefaultsType.swift */; };
		5638FC9422744F4000CB4071 /* TLIAddListViewControllerDelegate.swift in Sources */ = {isa = PBXBuildFile; fileRef = 5638FC8F22744F4000CB4071 /* TLIAddListViewControllerDelegate.swift */; };
		5638FC9522744F4000CB4071 /* TLITextFieldCellDelegate.swift in Sources */ = {isa = PBXBuildFile; fileRef = 5638FC9022744F4000CB4071 /* TLITextFieldCellDelegate.swift */; };
		5638FC9622744F4000CB4071 /* TLIAddTaskViewDelegate.swift in Sources */ = {isa = PBXBuildFile; fileRef = 5638FC9122744F4000CB4071 /* TLIAddTaskViewDelegate.swift */; };
		5638FC9722744F4000CB4071 /* TLIEditTaskViewControllerDelegate.swift in Sources */ = {isa = PBXBuildFile; fileRef = 5638FC9222744F4000CB4071 /* TLIEditTaskViewControllerDelegate.swift */; };
		5638FC9A22744F7C00CB4071 /* LocalizedString.swift in Sources */ = {isa = PBXBuildFile; fileRef = 5638FC9822744F7B00CB4071 /* LocalizedString.swift */; };
		5638FC9B22744F7C00CB4071 /* Language.swift in Sources */ = {isa = PBXBuildFile; fileRef = 5638FC9922744F7B00CB4071 /* Language.swift */; };
		5638FCA122744F8800CB4071 /* TLIDrawingUtils.m in Sources */ = {isa = PBXBuildFile; fileRef = 5638FC9F22744F8800CB4071 /* TLIDrawingUtils.m */; };
		5638FCA222744F8800CB4071 /* TLIDeviceInfo.m in Sources */ = {isa = PBXBuildFile; fileRef = 5638FCA022744F8800CB4071 /* TLIDeviceInfo.m */; };
		5638FCAE22744F9F00CB4071 /* TLIMention+CoreDataProperties.swift in Sources */ = {isa = PBXBuildFile; fileRef = 5638FCA422744F9F00CB4071 /* TLIMention+CoreDataProperties.swift */; };
		5638FCAF22744F9F00CB4071 /* TLITask+CoreDataProperties.swift in Sources */ = {isa = PBXBuildFile; fileRef = 5638FCA522744F9F00CB4071 /* TLITask+CoreDataProperties.swift */; };
		5638FCB022744F9F00CB4071 /* TLINotification.swift in Sources */ = {isa = PBXBuildFile; fileRef = 5638FCA622744F9F00CB4071 /* TLINotification.swift */; };
		5638FCB122744F9F00CB4071 /* TLIList+CoreDataProperties.swift in Sources */ = {isa = PBXBuildFile; fileRef = 5638FCA722744F9F00CB4071 /* TLIList+CoreDataProperties.swift */; };
		5638FCB222744F9F00CB4071 /* TLITag+CoreDataProperties.swift in Sources */ = {isa = PBXBuildFile; fileRef = 5638FCA822744F9F00CB4071 /* TLITag+CoreDataProperties.swift */; };
		5638FCB322744F9F00CB4071 /* TLITask.swift in Sources */ = {isa = PBXBuildFile; fileRef = 5638FCA922744F9F00CB4071 /* TLITask.swift */; };
		5638FCB422744F9F00CB4071 /* TLITag.swift in Sources */ = {isa = PBXBuildFile; fileRef = 5638FCAA22744F9F00CB4071 /* TLITag.swift */; };
		5638FCB522744F9F00CB4071 /* TLIList.swift in Sources */ = {isa = PBXBuildFile; fileRef = 5638FCAB22744F9F00CB4071 /* TLIList.swift */; };
		5638FCB622744F9F00CB4071 /* TLIMention.swift in Sources */ = {isa = PBXBuildFile; fileRef = 5638FCAC22744F9F00CB4071 /* TLIMention.swift */; };
		5638FCB722744F9F00CB4071 /* TLINotification+CoreDataProperties.swift in Sources */ = {isa = PBXBuildFile; fileRef = 5638FCAD22744F9F00CB4071 /* TLINotification+CoreDataProperties.swift */; };
		5638FCBA22744FC100CB4071 /* TLICoreDataTableViewController.swift in Sources */ = {isa = PBXBuildFile; fileRef = 5638FCB922744FC100CB4071 /* TLICoreDataTableViewController.swift */; };
		5638FCC52274500A00CB4071 /* UIImage+Tinylog.swift in Sources */ = {isa = PBXBuildFile; fileRef = 5638FCBD2274500A00CB4071 /* UIImage+Tinylog.swift */; };
		5638FCC62274500A00CB4071 /* UIColor+Tinylog.swift in Sources */ = {isa = PBXBuildFile; fileRef = 5638FCBE2274500A00CB4071 /* UIColor+Tinylog.swift */; };
		5638FCC72274500A00CB4071 /* String+Tinylog.swift in Sources */ = {isa = PBXBuildFile; fileRef = 5638FCBF2274500A00CB4071 /* String+Tinylog.swift */; };
		5638FCC82274500A00CB4071 /* NSDate+Utilities.m in Sources */ = {isa = PBXBuildFile; fileRef = 5638FCC02274500A00CB4071 /* NSDate+Utilities.m */; };
		5638FCC92274500A00CB4071 /* DispatchQueue+Tinylog.swift in Sources */ = {isa = PBXBuildFile; fileRef = 5638FCC12274500A00CB4071 /* DispatchQueue+Tinylog.swift */; };
		5638FCCA2274500A00CB4071 /* UIViewController+Tinylog.swift in Sources */ = {isa = PBXBuildFile; fileRef = 5638FCC22274500A00CB4071 /* UIViewController+Tinylog.swift */; };
		5638FCCB2274500A00CB4071 /* UIFont+Tinylog.swift in Sources */ = {isa = PBXBuildFile; fileRef = 5638FCC32274500A00CB4071 /* UIFont+Tinylog.swift */; };
		5638FCCF2274501700CB4071 /* TLIAppDelegate.swift in Sources */ = {isa = PBXBuildFile; fileRef = 5638FCCD2274501700CB4071 /* TLIAppDelegate.swift */; };
		5638FCD02274501700CB4071 /* TLIConstants.swift in Sources */ = {isa = PBXBuildFile; fileRef = 5638FCCE2274501700CB4071 /* TLIConstants.swift */; };
		5638FCD82274503500CB4071 /* TLISyncManager.m in Sources */ = {isa = PBXBuildFile; fileRef = 5638FCD32274503500CB4071 /* TLISyncManager.m */; };
		5656E1CD226A39C70065DBEA /* ListTests.swift in Sources */ = {isa = PBXBuildFile; fileRef = 5656E1CC226A39C70065DBEA /* ListTests.swift */; };
		565DA7931E86999A00C6E60C /* Tinylog.xcdatamodeld in Sources */ = {isa = PBXBuildFile; fileRef = 565DA78B1E86999A00C6E60C /* Tinylog.xcdatamodeld */; };
		566BAC071F6ADBD4005B0E4F /* Launch Screen.storyboard in Resources */ = {isa = PBXBuildFile; fileRef = 566BAC061F6ADBD3005B0E4F /* Launch Screen.storyboard */; };
		566E6A8F226E4A340093783E /* GoogleService-Info.plist in Resources */ = {isa = PBXBuildFile; fileRef = 566E6A8E226E4A340093783E /* GoogleService-Info.plist */; };
		56892691226C767A00D952A6 /* FindColorByNameTests.swift in Sources */ = {isa = PBXBuildFile; fileRef = 56892690226C767A00D952A6 /* FindColorByNameTests.swift */; };
		568F7E061F2BA12E00CFDDDD /* SnapshotHelper.swift in Sources */ = {isa = PBXBuildFile; fileRef = 568F7E051F2BA12E00CFDDDD /* SnapshotHelper.swift */; };
		568F7E081F2BA14300CFDDDD /* SnapshotsUITests.swift in Sources */ = {isa = PBXBuildFile; fileRef = 568F7E071F2BA14300CFDDDD /* SnapshotsUITests.swift */; };
		5C1884CDA759F78478648025 /* Pods_TinylogTests.framework in Frameworks */ = {isa = PBXBuildFile; fileRef = 72FDB230F560367662A28D96 /* Pods_TinylogTests.framework */; };
/* End PBXBuildFile section */

/* Begin PBXContainerItemProxy section */
		5628E8D81E85898700AAFD20 /* PBXContainerItemProxy */ = {
			isa = PBXContainerItemProxy;
			containerPortal = 5628E8BB1E85898700AAFD20 /* Project object */;
			proxyType = 1;
			remoteGlobalIDString = 5628E8C21E85898700AAFD20;
			remoteInfo = Tinylog;
		};
		568F7E001F2BA0DC00CFDDDD /* PBXContainerItemProxy */ = {
			isa = PBXContainerItemProxy;
			containerPortal = 5628E8BB1E85898700AAFD20 /* Project object */;
			proxyType = 1;
			remoteGlobalIDString = 5628E8C21E85898700AAFD20;
			remoteInfo = Tinylog;
		};
/* End PBXContainerItemProxy section */

/* Begin PBXFileReference section */
		034E13532B5D4A3280918EFF /* Pods-Tinylog.debug.xcconfig */ = {isa = PBXFileReference; includeInIndex = 1; lastKnownFileType = text.xcconfig; name = "Pods-Tinylog.debug.xcconfig"; path = "Pods/Target Support Files/Pods-Tinylog/Pods-Tinylog.debug.xcconfig"; sourceTree = "<group>"; };
		29E91D341FDF61B134BED598 /* Pods-TinylogTests.debug.xcconfig */ = {isa = PBXFileReference; includeInIndex = 1; lastKnownFileType = text.xcconfig; name = "Pods-TinylogTests.debug.xcconfig"; path = "Pods/Target Support Files/Pods-TinylogTests/Pods-TinylogTests.debug.xcconfig"; sourceTree = "<group>"; };
		5609F648226B4DCB00F6AF0E /* Base */ = {isa = PBXFileReference; lastKnownFileType = text.plist.strings; name = Base; path = Base.lproj/Localizable.strings; sourceTree = "<group>"; };
		5609F64A226B4E0200F6AF0E /* de */ = {isa = PBXFileReference; lastKnownFileType = text.plist.strings; name = de; path = de.lproj/Localizable.strings; sourceTree = "<group>"; };
		5609F64D226B4EC700F6AF0E /* Environment.swift */ = {isa = PBXFileReference; lastKnownFileType = sourcecode.swift; path = Environment.swift; sourceTree = "<group>"; };
		5609F65A226B552300F6AF0E /* XCTestCase+Environment.swift */ = {isa = PBXFileReference; lastKnownFileType = sourcecode.swift; path = "XCTestCase+Environment.swift"; sourceTree = "<group>"; };
		5609F65C226B56A900F6AF0E /* LocalizedStringTests.swift */ = {isa = PBXFileReference; lastKnownFileType = sourcecode.swift; path = LocalizedStringTests.swift; sourceTree = "<group>"; };
		56119AEC226F90EA00F8D798 /* CoreDataManager.swift */ = {isa = PBXFileReference; fileEncoding = 4; lastKnownFileType = sourcecode.swift; path = CoreDataManager.swift; sourceTree = "<group>"; };
		561A25BD2116EBE400B28644 /* Secrets.swift */ = {isa = PBXFileReference; fileEncoding = 4; lastKnownFileType = sourcecode.swift; path = Secrets.swift; sourceTree = "<group>"; };
		5621958C226A5D3F00749A31 /* ListsViewControllerTests.swift */ = {isa = PBXFileReference; lastKnownFileType = sourcecode.swift; path = ListsViewControllerTests.swift; sourceTree = "<group>"; };
		5628E8C31E85898700AAFD20 /* Tinylog.app */ = {isa = PBXFileReference; explicitFileType = wrapper.application; includeInIndex = 0; path = Tinylog.app; sourceTree = BUILT_PRODUCTS_DIR; };
		5628E8CD1E85898700AAFD20 /* Assets.xcassets */ = {isa = PBXFileReference; lastKnownFileType = folder.assetcatalog; path = Assets.xcassets; sourceTree = "<group>"; };
		5628E8D21E85898700AAFD20 /* Info.plist */ = {isa = PBXFileReference; lastKnownFileType = text.plist.xml; path = Info.plist; sourceTree = "<group>"; };
		5628E8D71E85898700AAFD20 /* TinylogTests.xctest */ = {isa = PBXFileReference; explicitFileType = wrapper.cfbundle; includeInIndex = 0; path = TinylogTests.xctest; sourceTree = BUILT_PRODUCTS_DIR; };
		5628E8DB1E85898700AAFD20 /* EnvironmentTests.swift */ = {isa = PBXFileReference; lastKnownFileType = sourcecode.swift; path = EnvironmentTests.swift; sourceTree = "<group>"; };
		5628E8DD1E85898700AAFD20 /* Info.plist */ = {isa = PBXFileReference; lastKnownFileType = text.plist.xml; path = Info.plist; sourceTree = "<group>"; };
		5638FC2D227443E600CB4071 /* SetupViewControllerTests.swift */ = {isa = PBXFileReference; lastKnownFileType = sourcecode.swift; path = SetupViewControllerTests.swift; sourceTree = "<group>"; };
		5638FC3122744CDC00CB4071 /* TLIGroupedTableViewCell.swift */ = {isa = PBXFileReference; fileEncoding = 4; lastKnownFileType = sourcecode.swift; path = TLIGroupedTableViewCell.swift; sourceTree = "<group>"; };
		5638FC3222744CDC00CB4071 /* TLIHelpTableViewCell.swift */ = {isa = PBXFileReference; fileEncoding = 4; lastKnownFileType = sourcecode.swift; path = TLIHelpTableViewCell.swift; sourceTree = "<group>"; };
		5638FC3322744CDC00CB4071 /* TLITaskTableViewCell.swift */ = {isa = PBXFileReference; fileEncoding = 4; lastKnownFileType = sourcecode.swift; path = TLITaskTableViewCell.swift; sourceTree = "<group>"; };
		5638FC3422744CDC00CB4071 /* TLIListTableViewCell.swift */ = {isa = PBXFileReference; fileEncoding = 4; lastKnownFileType = sourcecode.swift; path = TLIListTableViewCell.swift; sourceTree = "<group>"; };
		5638FC3522744CDC00CB4071 /* TLITextFieldCell.swift */ = {isa = PBXFileReference; fileEncoding = 4; lastKnownFileType = sourcecode.swift; path = TLITextFieldCell.swift; sourceTree = "<group>"; };
		5638FC3622744CDC00CB4071 /* TLITableViewCell.swift */ = {isa = PBXFileReference; fileEncoding = 4; lastKnownFileType = sourcecode.swift; path = TLITableViewCell.swift; sourceTree = "<group>"; };
		5638FC3822744CDC00CB4071 /* TLICircleButton.swift */ = {isa = PBXFileReference; fileEncoding = 4; lastKnownFileType = sourcecode.swift; path = TLICircleButton.swift; sourceTree = "<group>"; };
		5638FC3922744CDC00CB4071 /* TLIExportTasksButton.swift */ = {isa = PBXFileReference; fileEncoding = 4; lastKnownFileType = sourcecode.swift; path = TLIExportTasksButton.swift; sourceTree = "<group>"; };
		5638FC3A22744CDC00CB4071 /* TLIRoundedButton.swift */ = {isa = PBXFileReference; fileEncoding = 4; lastKnownFileType = sourcecode.swift; path = TLIRoundedButton.swift; sourceTree = "<group>"; };
		5638FC3B22744CDC00CB4071 /* TLIArchiveButton.swift */ = {isa = PBXFileReference; fileEncoding = 4; lastKnownFileType = sourcecode.swift; path = TLIArchiveButton.swift; sourceTree = "<group>"; };
		5638FC3C22744CDC00CB4071 /* TLICloseButton.swift */ = {isa = PBXFileReference; fileEncoding = 4; lastKnownFileType = sourcecode.swift; path = TLICloseButton.swift; sourceTree = "<group>"; };
		5638FC3D22744CDC00CB4071 /* TLICheckBoxButton.swift */ = {isa = PBXFileReference; fileEncoding = 4; lastKnownFileType = sourcecode.swift; path = TLICheckBoxButton.swift; sourceTree = "<group>"; };
		5638FC3E22744CDC00CB4071 /* TLIAddListButton.swift */ = {isa = PBXFileReference; fileEncoding = 4; lastKnownFileType = sourcecode.swift; path = TLIAddListButton.swift; sourceTree = "<group>"; };
		5638FC3F22744CDC00CB4071 /* TLITextField.m */ = {isa = PBXFileReference; fileEncoding = 4; lastKnownFileType = sourcecode.c.objc; path = TLITextField.m; sourceTree = "<group>"; };
		5638FC4022744CDC00CB4071 /* ListsFooterView.swift */ = {isa = PBXFileReference; fileEncoding = 4; lastKnownFileType = sourcecode.swift; path = ListsFooterView.swift; sourceTree = "<group>"; };
		5638FC4222744CDC00CB4071 /* StepSliderControl.h */ = {isa = PBXFileReference; fileEncoding = 4; lastKnownFileType = sourcecode.c.h; path = StepSliderControl.h; sourceTree = "<group>"; };
		5638FC4322744CDC00CB4071 /* StepSliderControl.m */ = {isa = PBXFileReference; fileEncoding = 4; lastKnownFileType = sourcecode.c.objc; path = StepSliderControl.m; sourceTree = "<group>"; };
		5638FC4422744CDC00CB4071 /* TLITextField.h */ = {isa = PBXFileReference; fileEncoding = 4; lastKnownFileType = sourcecode.c.h; path = TLITextField.h; sourceTree = "<group>"; };
		5638FC4522744CDC00CB4071 /* TLIMenuColorsView.swift */ = {isa = PBXFileReference; fileEncoding = 4; lastKnownFileType = sourcecode.swift; path = TLIMenuColorsView.swift; sourceTree = "<group>"; };
		5638FC4622744CDC00CB4071 /* TLITouchableView.swift */ = {isa = PBXFileReference; fileEncoding = 4; lastKnownFileType = sourcecode.swift; path = TLITouchableView.swift; sourceTree = "<group>"; };
		5638FC4722744CDC00CB4071 /* SGTextField.swift */ = {isa = PBXFileReference; fileEncoding = 4; lastKnownFileType = sourcecode.swift; path = SGTextField.swift; sourceTree = "<group>"; };
		5638FC4822744CDC00CB4071 /* TLITasksFooterView.swift */ = {isa = PBXFileReference; fileEncoding = 4; lastKnownFileType = sourcecode.swift; path = TLITasksFooterView.swift; sourceTree = "<group>"; };
		5638FC4A22744CDC00CB4071 /* TLIKeyboardBar.swift */ = {isa = PBXFileReference; fileEncoding = 4; lastKnownFileType = sourcecode.swift; path = TLIKeyboardBar.swift; sourceTree = "<group>"; };
		5638FC4B22744CDC00CB4071 /* TLIAddTaskView.swift */ = {isa = PBXFileReference; fileEncoding = 4; lastKnownFileType = sourcecode.swift; path = TLIAddTaskView.swift; sourceTree = "<group>"; };
		5638FC6422744D8200CB4071 /* TLIGroupedTableViewController.swift */ = {isa = PBXFileReference; fileEncoding = 4; lastKnownFileType = sourcecode.swift; path = TLIGroupedTableViewController.swift; sourceTree = "<group>"; };
		5638FC6622744D8200CB4071 /* TLISettingsTableViewController.swift */ = {isa = PBXFileReference; fileEncoding = 4; lastKnownFileType = sourcecode.swift; path = TLISettingsTableViewController.swift; sourceTree = "<group>"; };
		5638FC6722744D8200CB4071 /* TLIHelpTableViewController.swift */ = {isa = PBXFileReference; fileEncoding = 4; lastKnownFileType = sourcecode.swift; path = TLIHelpTableViewController.swift; sourceTree = "<group>"; };
		5638FC6822744D8200CB4071 /* TLIAboutViewController.swift */ = {isa = PBXFileReference; fileEncoding = 4; lastKnownFileType = sourcecode.swift; path = TLIAboutViewController.swift; sourceTree = "<group>"; };
		5638FC6922744D8200CB4071 /* TLISettingsFontPickerViewController.swift */ = {isa = PBXFileReference; fileEncoding = 4; lastKnownFileType = sourcecode.swift; path = TLISettingsFontPickerViewController.swift; sourceTree = "<group>"; };
		5638FC6A22744D8200CB4071 /* TLITextSizeViewController.swift */ = {isa = PBXFileReference; fileEncoding = 4; lastKnownFileType = sourcecode.swift; path = TLITextSizeViewController.swift; sourceTree = "<group>"; };
		5638FC6C22744D8200CB4071 /* TLIEditTaskViewController.swift */ = {isa = PBXFileReference; fileEncoding = 4; lastKnownFileType = sourcecode.swift; path = TLIEditTaskViewController.swift; sourceTree = "<group>"; };
		5638FC6D22744D8200CB4071 /* TLITasksViewController.swift */ = {isa = PBXFileReference; fileEncoding = 4; lastKnownFileType = sourcecode.swift; path = TLITasksViewController.swift; sourceTree = "<group>"; };
		5638FC6F22744D8200CB4071 /* TLIArchiveTasksViewController.swift */ = {isa = PBXFileReference; fileEncoding = 4; lastKnownFileType = sourcecode.swift; path = TLIArchiveTasksViewController.swift; sourceTree = "<group>"; };
		5638FC7022744D8200CB4071 /* TLIArchiveViewController.swift */ = {isa = PBXFileReference; fileEncoding = 4; lastKnownFileType = sourcecode.swift; path = TLIArchiveViewController.swift; sourceTree = "<group>"; };
		5638FC7222744D8200CB4071 /* ResultsTableViewController.swift */ = {isa = PBXFileReference; fileEncoding = 4; lastKnownFileType = sourcecode.swift; path = ResultsTableViewController.swift; sourceTree = "<group>"; };
		5638FC7322744D8200CB4071 /* ListsViewController.swift */ = {isa = PBXFileReference; fileEncoding = 4; lastKnownFileType = sourcecode.swift; path = ListsViewController.swift; sourceTree = "<group>"; };
		5638FC7422744D8200CB4071 /* AddListViewController.swift */ = {isa = PBXFileReference; fileEncoding = 4; lastKnownFileType = sourcecode.swift; path = AddListViewController.swift; sourceTree = "<group>"; };
		5638FC7622744D8200CB4071 /* SetupViewController.swift */ = {isa = PBXFileReference; fileEncoding = 4; lastKnownFileType = sourcecode.swift; path = SetupViewController.swift; sourceTree = "<group>"; };
		5638FC7822744D8200CB4071 /* TLISplitViewController.swift */ = {isa = PBXFileReference; fileEncoding = 4; lastKnownFileType = sourcecode.swift; path = TLISplitViewController.swift; sourceTree = "<group>"; };
		5638FC8922744ECF00CB4071 /* Utils.swift */ = {isa = PBXFileReference; fileEncoding = 4; lastKnownFileType = sourcecode.swift; path = Utils.swift; sourceTree = "<group>"; };
		5638FC8B22744F2200CB4071 /* PlistInfo.swift */ = {isa = PBXFileReference; fileEncoding = 4; lastKnownFileType = sourcecode.swift; path = PlistInfo.swift; sourceTree = "<group>"; };
		5638FC8E22744F4000CB4071 /* UserDefaultsType.swift */ = {isa = PBXFileReference; fileEncoding = 4; lastKnownFileType = sourcecode.swift; path = UserDefaultsType.swift; sourceTree = "<group>"; };
		5638FC8F22744F4000CB4071 /* TLIAddListViewControllerDelegate.swift */ = {isa = PBXFileReference; fileEncoding = 4; lastKnownFileType = sourcecode.swift; path = TLIAddListViewControllerDelegate.swift; sourceTree = "<group>"; };
		5638FC9022744F4000CB4071 /* TLITextFieldCellDelegate.swift */ = {isa = PBXFileReference; fileEncoding = 4; lastKnownFileType = sourcecode.swift; path = TLITextFieldCellDelegate.swift; sourceTree = "<group>"; };
		5638FC9122744F4000CB4071 /* TLIAddTaskViewDelegate.swift */ = {isa = PBXFileReference; fileEncoding = 4; lastKnownFileType = sourcecode.swift; path = TLIAddTaskViewDelegate.swift; sourceTree = "<group>"; };
		5638FC9222744F4000CB4071 /* TLIEditTaskViewControllerDelegate.swift */ = {isa = PBXFileReference; fileEncoding = 4; lastKnownFileType = sourcecode.swift; path = TLIEditTaskViewControllerDelegate.swift; sourceTree = "<group>"; };
		5638FC9822744F7B00CB4071 /* LocalizedString.swift */ = {isa = PBXFileReference; fileEncoding = 4; lastKnownFileType = sourcecode.swift; path = LocalizedString.swift; sourceTree = "<group>"; };
		5638FC9922744F7B00CB4071 /* Language.swift */ = {isa = PBXFileReference; fileEncoding = 4; lastKnownFileType = sourcecode.swift; path = Language.swift; sourceTree = "<group>"; };
		5638FC9D22744F8800CB4071 /* TLIDrawingUtils.h */ = {isa = PBXFileReference; fileEncoding = 4; lastKnownFileType = sourcecode.c.h; path = TLIDrawingUtils.h; sourceTree = "<group>"; };
		5638FC9E22744F8800CB4071 /* TLIDeviceInfo.h */ = {isa = PBXFileReference; fileEncoding = 4; lastKnownFileType = sourcecode.c.h; path = TLIDeviceInfo.h; sourceTree = "<group>"; };
		5638FC9F22744F8800CB4071 /* TLIDrawingUtils.m */ = {isa = PBXFileReference; fileEncoding = 4; lastKnownFileType = sourcecode.c.objc; path = TLIDrawingUtils.m; sourceTree = "<group>"; };
		5638FCA022744F8800CB4071 /* TLIDeviceInfo.m */ = {isa = PBXFileReference; fileEncoding = 4; lastKnownFileType = sourcecode.c.objc; path = TLIDeviceInfo.m; sourceTree = "<group>"; };
		5638FCA422744F9F00CB4071 /* TLIMention+CoreDataProperties.swift */ = {isa = PBXFileReference; fileEncoding = 4; lastKnownFileType = sourcecode.swift; path = "TLIMention+CoreDataProperties.swift"; sourceTree = "<group>"; };
		5638FCA522744F9F00CB4071 /* TLITask+CoreDataProperties.swift */ = {isa = PBXFileReference; fileEncoding = 4; lastKnownFileType = sourcecode.swift; path = "TLITask+CoreDataProperties.swift"; sourceTree = "<group>"; };
		5638FCA622744F9F00CB4071 /* TLINotification.swift */ = {isa = PBXFileReference; fileEncoding = 4; lastKnownFileType = sourcecode.swift; path = TLINotification.swift; sourceTree = "<group>"; };
		5638FCA722744F9F00CB4071 /* TLIList+CoreDataProperties.swift */ = {isa = PBXFileReference; fileEncoding = 4; lastKnownFileType = sourcecode.swift; path = "TLIList+CoreDataProperties.swift"; sourceTree = "<group>"; };
		5638FCA822744F9F00CB4071 /* TLITag+CoreDataProperties.swift */ = {isa = PBXFileReference; fileEncoding = 4; lastKnownFileType = sourcecode.swift; path = "TLITag+CoreDataProperties.swift"; sourceTree = "<group>"; };
		5638FCA922744F9F00CB4071 /* TLITask.swift */ = {isa = PBXFileReference; fileEncoding = 4; lastKnownFileType = sourcecode.swift; path = TLITask.swift; sourceTree = "<group>"; };
		5638FCAA22744F9F00CB4071 /* TLITag.swift */ = {isa = PBXFileReference; fileEncoding = 4; lastKnownFileType = sourcecode.swift; path = TLITag.swift; sourceTree = "<group>"; };
		5638FCAB22744F9F00CB4071 /* TLIList.swift */ = {isa = PBXFileReference; fileEncoding = 4; lastKnownFileType = sourcecode.swift; path = TLIList.swift; sourceTree = "<group>"; };
		5638FCAC22744F9F00CB4071 /* TLIMention.swift */ = {isa = PBXFileReference; fileEncoding = 4; lastKnownFileType = sourcecode.swift; path = TLIMention.swift; sourceTree = "<group>"; };
		5638FCAD22744F9F00CB4071 /* TLINotification+CoreDataProperties.swift */ = {isa = PBXFileReference; fileEncoding = 4; lastKnownFileType = sourcecode.swift; path = "TLINotification+CoreDataProperties.swift"; sourceTree = "<group>"; };
		5638FCB922744FC100CB4071 /* TLICoreDataTableViewController.swift */ = {isa = PBXFileReference; fileEncoding = 4; lastKnownFileType = sourcecode.swift; path = TLICoreDataTableViewController.swift; sourceTree = "<group>"; };
		5638FCBD2274500A00CB4071 /* UIImage+Tinylog.swift */ = {isa = PBXFileReference; fileEncoding = 4; lastKnownFileType = sourcecode.swift; path = "UIImage+Tinylog.swift"; sourceTree = "<group>"; };
		5638FCBE2274500A00CB4071 /* UIColor+Tinylog.swift */ = {isa = PBXFileReference; fileEncoding = 4; lastKnownFileType = sourcecode.swift; path = "UIColor+Tinylog.swift"; sourceTree = "<group>"; };
		5638FCBF2274500A00CB4071 /* String+Tinylog.swift */ = {isa = PBXFileReference; fileEncoding = 4; lastKnownFileType = sourcecode.swift; path = "String+Tinylog.swift"; sourceTree = "<group>"; };
		5638FCC02274500A00CB4071 /* NSDate+Utilities.m */ = {isa = PBXFileReference; fileEncoding = 4; lastKnownFileType = sourcecode.c.objc; path = "NSDate+Utilities.m"; sourceTree = "<group>"; };
		5638FCC12274500A00CB4071 /* DispatchQueue+Tinylog.swift */ = {isa = PBXFileReference; fileEncoding = 4; lastKnownFileType = sourcecode.swift; path = "DispatchQueue+Tinylog.swift"; sourceTree = "<group>"; };
		5638FCC22274500A00CB4071 /* UIViewController+Tinylog.swift */ = {isa = PBXFileReference; fileEncoding = 4; lastKnownFileType = sourcecode.swift; path = "UIViewController+Tinylog.swift"; sourceTree = "<group>"; };
		5638FCC32274500A00CB4071 /* UIFont+Tinylog.swift */ = {isa = PBXFileReference; fileEncoding = 4; lastKnownFileType = sourcecode.swift; path = "UIFont+Tinylog.swift"; sourceTree = "<group>"; };
		5638FCC42274500A00CB4071 /* NSDate+Utilities.h */ = {isa = PBXFileReference; fileEncoding = 4; lastKnownFileType = sourcecode.c.h; path = "NSDate+Utilities.h"; sourceTree = "<group>"; };
		5638FCCD2274501700CB4071 /* TLIAppDelegate.swift */ = {isa = PBXFileReference; fileEncoding = 4; lastKnownFileType = sourcecode.swift; path = TLIAppDelegate.swift; sourceTree = "<group>"; };
		5638FCCE2274501700CB4071 /* TLIConstants.swift */ = {isa = PBXFileReference; fileEncoding = 4; lastKnownFileType = sourcecode.swift; path = TLIConstants.swift; sourceTree = "<group>"; };
		5638FCD32274503500CB4071 /* TLISyncManager.m */ = {isa = PBXFileReference; fileEncoding = 4; lastKnownFileType = sourcecode.c.objc; path = TLISyncManager.m; sourceTree = "<group>"; };
		5638FCD52274503500CB4071 /* TLISyncManager.h */ = {isa = PBXFileReference; fileEncoding = 4; lastKnownFileType = sourcecode.c.h; path = TLISyncManager.h; sourceTree = "<group>"; };
		5656E1CC226A39C70065DBEA /* ListTests.swift */ = {isa = PBXFileReference; lastKnownFileType = sourcecode.swift; path = ListTests.swift; sourceTree = "<group>"; };
		565DA78C1E86999A00C6E60C /* Tinylog 2.xcdatamodel */ = {isa = PBXFileReference; lastKnownFileType = wrapper.xcdatamodel; path = "Tinylog 2.xcdatamodel"; sourceTree = "<group>"; };
		565DA78D1E86999A00C6E60C /* Tinylog 3.xcdatamodel */ = {isa = PBXFileReference; lastKnownFileType = wrapper.xcdatamodel; path = "Tinylog 3.xcdatamodel"; sourceTree = "<group>"; };
		565DA78E1E86999A00C6E60C /* Tinylog 4.xcdatamodel */ = {isa = PBXFileReference; lastKnownFileType = wrapper.xcdatamodel; path = "Tinylog 4.xcdatamodel"; sourceTree = "<group>"; };
		565DA78F1E86999A00C6E60C /* Tinylog 5.xcdatamodel */ = {isa = PBXFileReference; lastKnownFileType = wrapper.xcdatamodel; path = "Tinylog 5.xcdatamodel"; sourceTree = "<group>"; };
		565DA7901E86999A00C6E60C /* Tinylog 6.xcdatamodel */ = {isa = PBXFileReference; lastKnownFileType = wrapper.xcdatamodel; path = "Tinylog 6.xcdatamodel"; sourceTree = "<group>"; };
		565DA7911E86999A00C6E60C /* Tinylog 7.xcdatamodel */ = {isa = PBXFileReference; lastKnownFileType = wrapper.xcdatamodel; path = "Tinylog 7.xcdatamodel"; sourceTree = "<group>"; };
		565DA7921E86999A00C6E60C /* Tinylog.xcdatamodel */ = {isa = PBXFileReference; lastKnownFileType = wrapper.xcdatamodel; path = Tinylog.xcdatamodel; sourceTree = "<group>"; };
		566BAC061F6ADBD3005B0E4F /* Launch Screen.storyboard */ = {isa = PBXFileReference; fileEncoding = 4; lastKnownFileType = file.storyboard; path = "Launch Screen.storyboard"; sourceTree = "<group>"; };
		566E6A8E226E4A340093783E /* GoogleService-Info.plist */ = {isa = PBXFileReference; fileEncoding = 4; lastKnownFileType = text.plist.xml; path = "GoogleService-Info.plist"; sourceTree = "<group>"; };
		56892690226C767A00D952A6 /* FindColorByNameTests.swift */ = {isa = PBXFileReference; lastKnownFileType = sourcecode.swift; path = FindColorByNameTests.swift; sourceTree = "<group>"; };
		568F7DFB1F2BA0DC00CFDDDD /* TinylogUITests.xctest */ = {isa = PBXFileReference; explicitFileType = wrapper.cfbundle; includeInIndex = 0; path = TinylogUITests.xctest; sourceTree = BUILT_PRODUCTS_DIR; };
		568F7DFF1F2BA0DC00CFDDDD /* Info.plist */ = {isa = PBXFileReference; lastKnownFileType = text.plist.xml; path = Info.plist; sourceTree = "<group>"; };
		568F7E051F2BA12E00CFDDDD /* SnapshotHelper.swift */ = {isa = PBXFileReference; fileEncoding = 4; lastKnownFileType = sourcecode.swift; path = SnapshotHelper.swift; sourceTree = "<group>"; };
		568F7E071F2BA14300CFDDDD /* SnapshotsUITests.swift */ = {isa = PBXFileReference; fileEncoding = 4; lastKnownFileType = sourcecode.swift; path = SnapshotsUITests.swift; sourceTree = "<group>"; };
		56B7AD8F1E858B25004BB429 /* Tinylog-Bridging-Header.h */ = {isa = PBXFileReference; lastKnownFileType = sourcecode.c.h; path = "Tinylog-Bridging-Header.h"; sourceTree = "<group>"; };
		56B7AD931E858B81004BB429 /* Tinylog.entitlements */ = {isa = PBXFileReference; lastKnownFileType = text.plist.entitlements; path = Tinylog.entitlements; sourceTree = "<group>"; };
		72FDB230F560367662A28D96 /* Pods_TinylogTests.framework */ = {isa = PBXFileReference; explicitFileType = wrapper.framework; includeInIndex = 0; path = Pods_TinylogTests.framework; sourceTree = BUILT_PRODUCTS_DIR; };
		A7D4301E616F787A62B48BBD /* Pods-TinylogTests.release.xcconfig */ = {isa = PBXFileReference; includeInIndex = 1; lastKnownFileType = text.xcconfig; name = "Pods-TinylogTests.release.xcconfig"; path = "Pods/Target Support Files/Pods-TinylogTests/Pods-TinylogTests.release.xcconfig"; sourceTree = "<group>"; };
		CCCB1EEBF9EAC162DF797006 /* Pods_Tinylog.framework */ = {isa = PBXFileReference; explicitFileType = wrapper.framework; includeInIndex = 0; path = Pods_Tinylog.framework; sourceTree = BUILT_PRODUCTS_DIR; };
		FDF7C6AD7B0511C94623F0EB /* Pods-Tinylog.release.xcconfig */ = {isa = PBXFileReference; includeInIndex = 1; lastKnownFileType = text.xcconfig; name = "Pods-Tinylog.release.xcconfig"; path = "Pods/Target Support Files/Pods-Tinylog/Pods-Tinylog.release.xcconfig"; sourceTree = "<group>"; };
/* End PBXFileReference section */

/* Begin PBXFrameworksBuildPhase section */
		5628E8C01E85898700AAFD20 /* Frameworks */ = {
			isa = PBXFrameworksBuildPhase;
			buildActionMask = 2147483647;
			files = (
				185C99393E0FFB186A3B1DE4 /* Pods_Tinylog.framework in Frameworks */,
			);
			runOnlyForDeploymentPostprocessing = 0;
		};
		5628E8D41E85898700AAFD20 /* Frameworks */ = {
			isa = PBXFrameworksBuildPhase;
			buildActionMask = 2147483647;
			files = (
				5C1884CDA759F78478648025 /* Pods_TinylogTests.framework in Frameworks */,
			);
			runOnlyForDeploymentPostprocessing = 0;
		};
		568F7DF81F2BA0DC00CFDDDD /* Frameworks */ = {
			isa = PBXFrameworksBuildPhase;
			buildActionMask = 2147483647;
			files = (
			);
			runOnlyForDeploymentPostprocessing = 0;
		};
/* End PBXFrameworksBuildPhase section */

/* Begin PBXGroup section */
		5609F607226B4BA600F6AF0E /* Locales */ = {
			isa = PBXGroup;
			children = (
				5609F647226B4DCB00F6AF0E /* Localizable.strings */,
			);
			path = Locales;
			sourceTree = "<group>";
		};
		5609F659226B54FC00F6AF0E /* Helpers */ = {
			isa = PBXGroup;
			children = (
				5609F65A226B552300F6AF0E /* XCTestCase+Environment.swift */,
			);
			path = Helpers;
			sourceTree = "<group>";
		};
		56119AEB226F90EA00F8D798 /* Managers */ = {
			isa = PBXGroup;
			children = (
				56119AEC226F90EA00F8D798 /* CoreDataManager.swift */,
			);
			path = Managers;
			sourceTree = "<group>";
		};
		5628E8BA1E85898700AAFD20 = {
			isa = PBXGroup;
			children = (
				5628E8C51E85898700AAFD20 /* Tinylog */,
				5628E8DA1E85898700AAFD20 /* TinylogTests */,
				568F7DFC1F2BA0DC00CFDDDD /* TinylogUITests */,
				5628E8C41E85898700AAFD20 /* Products */,
				D0366F6B48768776F8771D80 /* Pods */,
				FE50C0480D9EDAF6FAC193E0 /* Frameworks */,
			);
			sourceTree = "<group>";
		};
		5628E8C41E85898700AAFD20 /* Products */ = {
			isa = PBXGroup;
			children = (
				5628E8C31E85898700AAFD20 /* Tinylog.app */,
				5628E8D71E85898700AAFD20 /* TinylogTests.xctest */,
				568F7DFB1F2BA0DC00CFDDDD /* TinylogUITests.xctest */,
			);
			name = Products;
			sourceTree = "<group>";
		};
		5628E8C51E85898700AAFD20 /* Tinylog */ = {
			isa = PBXGroup;
			children = (
				5638FCD12274503500CB4071 /* Network */,
				5638FCCC2274501700CB4071 /* Application */,
				5638FCBC2274500A00CB4071 /* Extensions */,
				5638FCBB22744FD900CB4071 /* Core Data */,
				5638FC9C22744F8800CB4071 /* Utils */,
				5638FC8D22744F4000CB4071 /* Protocols */,
				5638FC8822744ECF00CB4071 /* Helpers */,
				5638FC6222744D8200CB4071 /* View Controllers */,
				5638FC2F22744CDC00CB4071 /* Views */,
				56119AEB226F90EA00F8D798 /* Managers */,
				5609F607226B4BA600F6AF0E /* Locales */,
				566BAC051F6ADBD3005B0E4F /* Storyboards */,
				56487F8F1F644E150080192C /* Configs */,
				565DA78B1E86999A00C6E60C /* Tinylog.xcdatamodeld */,
				56B7AD931E858B81004BB429 /* Tinylog.entitlements */,
				5628E8CD1E85898700AAFD20 /* Assets.xcassets */,
				5628E8D21E85898700AAFD20 /* Info.plist */,
				566E6A8E226E4A340093783E /* GoogleService-Info.plist */,
				56B7AD8F1E858B25004BB429 /* Tinylog-Bridging-Header.h */,
			);
			path = Tinylog;
			sourceTree = "<group>";
		};
		5628E8DA1E85898700AAFD20 /* TinylogTests */ = {
			isa = PBXGroup;
			children = (
				5638FC2C227443C800CB4071 /* View Controllers */,
				5609F659226B54FC00F6AF0E /* Helpers */,
				5656E1CB226A39AA0065DBEA /* Lists */,
				5628E8DB1E85898700AAFD20 /* EnvironmentTests.swift */,
				5628E8DD1E85898700AAFD20 /* Info.plist */,
				5609F65C226B56A900F6AF0E /* LocalizedStringTests.swift */,
				56892690226C767A00D952A6 /* FindColorByNameTests.swift */,
			);
			path = TinylogTests;
			sourceTree = "<group>";
		};
		5638FC2B227443BD00CB4071 /* Setup */ = {
			isa = PBXGroup;
			children = (
				5638FC2D227443E600CB4071 /* SetupViewControllerTests.swift */,
			);
			path = Setup;
			sourceTree = "<group>";
		};
		5638FC2C227443C800CB4071 /* View Controllers */ = {
			isa = PBXGroup;
			children = (
				5638FC2B227443BD00CB4071 /* Setup */,
			);
			path = "View Controllers";
			sourceTree = "<group>";
		};
		5638FC2F22744CDC00CB4071 /* Views */ = {
			isa = PBXGroup;
			children = (
				5638FC3022744CDC00CB4071 /* Cells */,
				5638FC3722744CDC00CB4071 /* Buttons */,
				5638FC3F22744CDC00CB4071 /* TLITextField.m */,
				5638FC4022744CDC00CB4071 /* ListsFooterView.swift */,
				5638FC4122744CDC00CB4071 /* Controls */,
				5638FC4422744CDC00CB4071 /* TLITextField.h */,
				5638FC4522744CDC00CB4071 /* TLIMenuColorsView.swift */,
				5638FC4622744CDC00CB4071 /* TLITouchableView.swift */,
				5638FC4722744CDC00CB4071 /* SGTextField.swift */,
				5638FC4822744CDC00CB4071 /* TLITasksFooterView.swift */,
				5638FC4922744CDC00CB4071 /* Keyboard */,
				5638FC4B22744CDC00CB4071 /* TLIAddTaskView.swift */,
			);
			path = Views;
			sourceTree = "<group>";
		};
		5638FC3022744CDC00CB4071 /* Cells */ = {
			isa = PBXGroup;
			children = (
				5638FC3122744CDC00CB4071 /* TLIGroupedTableViewCell.swift */,
				5638FC3222744CDC00CB4071 /* TLIHelpTableViewCell.swift */,
				5638FC3322744CDC00CB4071 /* TLITaskTableViewCell.swift */,
				5638FC3422744CDC00CB4071 /* TLIListTableViewCell.swift */,
				5638FC3522744CDC00CB4071 /* TLITextFieldCell.swift */,
				5638FC3622744CDC00CB4071 /* TLITableViewCell.swift */,
			);
			path = Cells;
			sourceTree = "<group>";
		};
		5638FC3722744CDC00CB4071 /* Buttons */ = {
			isa = PBXGroup;
			children = (
				5638FC3822744CDC00CB4071 /* TLICircleButton.swift */,
				5638FC3922744CDC00CB4071 /* TLIExportTasksButton.swift */,
				5638FC3A22744CDC00CB4071 /* TLIRoundedButton.swift */,
				5638FC3B22744CDC00CB4071 /* TLIArchiveButton.swift */,
				5638FC3C22744CDC00CB4071 /* TLICloseButton.swift */,
				5638FC3D22744CDC00CB4071 /* TLICheckBoxButton.swift */,
				5638FC3E22744CDC00CB4071 /* TLIAddListButton.swift */,
			);
			path = Buttons;
			sourceTree = "<group>";
		};
		5638FC4122744CDC00CB4071 /* Controls */ = {
			isa = PBXGroup;
			children = (
				5638FC4222744CDC00CB4071 /* StepSliderControl.h */,
				5638FC4322744CDC00CB4071 /* StepSliderControl.m */,
			);
			path = Controls;
			sourceTree = "<group>";
		};
		5638FC4922744CDC00CB4071 /* Keyboard */ = {
			isa = PBXGroup;
			children = (
				5638FC4A22744CDC00CB4071 /* TLIKeyboardBar.swift */,
			);
			path = Keyboard;
			sourceTree = "<group>";
		};
		5638FC6222744D8200CB4071 /* View Controllers */ = {
			isa = PBXGroup;
			children = (
				5638FC6322744D8200CB4071 /* Abstract */,
				5638FC6522744D8200CB4071 /* Settings */,
				5638FC6B22744D8200CB4071 /* Tasks */,
				5638FC6E22744D8200CB4071 /* Archive */,
				5638FC7122744D8200CB4071 /* Lists */,
				5638FC7522744D8200CB4071 /* Setup */,
				5638FC7722744D8200CB4071 /* iPad */,
			);
			path = "View Controllers";
			sourceTree = "<group>";
		};
		5638FC6322744D8200CB4071 /* Abstract */ = {
			isa = PBXGroup;
			children = (
				5638FC6422744D8200CB4071 /* TLIGroupedTableViewController.swift */,
			);
			path = Abstract;
			sourceTree = "<group>";
		};
		5638FC6522744D8200CB4071 /* Settings */ = {
			isa = PBXGroup;
			children = (
				5638FC6622744D8200CB4071 /* TLISettingsTableViewController.swift */,
				5638FC6722744D8200CB4071 /* TLIHelpTableViewController.swift */,
				5638FC6822744D8200CB4071 /* TLIAboutViewController.swift */,
				5638FC6922744D8200CB4071 /* TLISettingsFontPickerViewController.swift */,
				5638FC6A22744D8200CB4071 /* TLITextSizeViewController.swift */,
			);
			path = Settings;
			sourceTree = "<group>";
		};
		5638FC6B22744D8200CB4071 /* Tasks */ = {
			isa = PBXGroup;
			children = (
				5638FC6C22744D8200CB4071 /* TLIEditTaskViewController.swift */,
				5638FC6D22744D8200CB4071 /* TLITasksViewController.swift */,
			);
			path = Tasks;
			sourceTree = "<group>";
		};
		5638FC6E22744D8200CB4071 /* Archive */ = {
			isa = PBXGroup;
			children = (
				5638FC6F22744D8200CB4071 /* TLIArchiveTasksViewController.swift */,
				5638FC7022744D8200CB4071 /* TLIArchiveViewController.swift */,
			);
			path = Archive;
			sourceTree = "<group>";
		};
		5638FC7122744D8200CB4071 /* Lists */ = {
			isa = PBXGroup;
			children = (
				5638FC7222744D8200CB4071 /* ResultsTableViewController.swift */,
				5638FC7322744D8200CB4071 /* ListsViewController.swift */,
				5638FC7422744D8200CB4071 /* AddListViewController.swift */,
			);
			path = Lists;
			sourceTree = "<group>";
		};
		5638FC7522744D8200CB4071 /* Setup */ = {
			isa = PBXGroup;
			children = (
				5638FC7622744D8200CB4071 /* SetupViewController.swift */,
			);
			path = Setup;
			sourceTree = "<group>";
		};
		5638FC7722744D8200CB4071 /* iPad */ = {
			isa = PBXGroup;
			children = (
				5638FC7822744D8200CB4071 /* TLISplitViewController.swift */,
			);
			path = iPad;
			sourceTree = "<group>";
		};
		5638FC8822744ECF00CB4071 /* Helpers */ = {
			isa = PBXGroup;
			children = (
				5638FC9922744F7B00CB4071 /* Language.swift */,
				5638FC9822744F7B00CB4071 /* LocalizedString.swift */,
				5638FC8B22744F2200CB4071 /* PlistInfo.swift */,
				5638FC8922744ECF00CB4071 /* Utils.swift */,
			);
			path = Helpers;
			sourceTree = "<group>";
		};
		5638FC8D22744F4000CB4071 /* Protocols */ = {
			isa = PBXGroup;
			children = (
				5638FC8E22744F4000CB4071 /* UserDefaultsType.swift */,
				5638FC8F22744F4000CB4071 /* TLIAddListViewControllerDelegate.swift */,
				5638FC9022744F4000CB4071 /* TLITextFieldCellDelegate.swift */,
				5638FC9122744F4000CB4071 /* TLIAddTaskViewDelegate.swift */,
				5638FC9222744F4000CB4071 /* TLIEditTaskViewControllerDelegate.swift */,
			);
			path = Protocols;
			sourceTree = "<group>";
		};
		5638FC9C22744F8800CB4071 /* Utils */ = {
			isa = PBXGroup;
			children = (
				5638FC9D22744F8800CB4071 /* TLIDrawingUtils.h */,
				5638FC9E22744F8800CB4071 /* TLIDeviceInfo.h */,
				5638FC9F22744F8800CB4071 /* TLIDrawingUtils.m */,
				5638FCA022744F8800CB4071 /* TLIDeviceInfo.m */,
			);
			path = Utils;
			sourceTree = "<group>";
		};
		5638FCA322744F9F00CB4071 /* Models */ = {
			isa = PBXGroup;
			children = (
				5638FCA422744F9F00CB4071 /* TLIMention+CoreDataProperties.swift */,
				5638FCA522744F9F00CB4071 /* TLITask+CoreDataProperties.swift */,
				5638FCA622744F9F00CB4071 /* TLINotification.swift */,
				5638FCA722744F9F00CB4071 /* TLIList+CoreDataProperties.swift */,
				5638FCA822744F9F00CB4071 /* TLITag+CoreDataProperties.swift */,
				5638FCA922744F9F00CB4071 /* TLITask.swift */,
				5638FCAA22744F9F00CB4071 /* TLITag.swift */,
				5638FCAB22744F9F00CB4071 /* TLIList.swift */,
				5638FCAC22744F9F00CB4071 /* TLIMention.swift */,
				5638FCAD22744F9F00CB4071 /* TLINotification+CoreDataProperties.swift */,
			);
			path = Models;
			sourceTree = "<group>";
		};
		5638FCB822744FC100CB4071 /* Helpers */ = {
			isa = PBXGroup;
			children = (
				5638FCB922744FC100CB4071 /* TLICoreDataTableViewController.swift */,
			);
			path = Helpers;
			sourceTree = "<group>";
		};
		5638FCBB22744FD900CB4071 /* Core Data */ = {
			isa = PBXGroup;
			children = (
				5638FCA322744F9F00CB4071 /* Models */,
				5638FCB822744FC100CB4071 /* Helpers */,
			);
			path = "Core Data";
			sourceTree = "<group>";
		};
		5638FCBC2274500A00CB4071 /* Extensions */ = {
			isa = PBXGroup;
			children = (
				5638FCBD2274500A00CB4071 /* UIImage+Tinylog.swift */,
				5638FCBE2274500A00CB4071 /* UIColor+Tinylog.swift */,
				5638FCBF2274500A00CB4071 /* String+Tinylog.swift */,
				5638FCC02274500A00CB4071 /* NSDate+Utilities.m */,
				5638FCC12274500A00CB4071 /* DispatchQueue+Tinylog.swift */,
				5638FCC22274500A00CB4071 /* UIViewController+Tinylog.swift */,
				5638FCC32274500A00CB4071 /* UIFont+Tinylog.swift */,
				5638FCC42274500A00CB4071 /* NSDate+Utilities.h */,
			);
			path = Extensions;
			sourceTree = "<group>";
		};
		5638FCCC2274501700CB4071 /* Application */ = {
			isa = PBXGroup;
			children = (
				5638FCCD2274501700CB4071 /* TLIAppDelegate.swift */,
				5638FCCE2274501700CB4071 /* TLIConstants.swift */,
			);
			path = Application;
			sourceTree = "<group>";
		};
		5638FCD12274503500CB4071 /* Network */ = {
			isa = PBXGroup;
			children = (
				5638FCD32274503500CB4071 /* TLISyncManager.m */,
				5638FCD52274503500CB4071 /* TLISyncManager.h */,
			);
			path = Network;
			sourceTree = "<group>";
		};
		56487F8F1F644E150080192C /* Configs */ = {
			isa = PBXGroup;
			children = (
				561A25BD2116EBE400B28644 /* Secrets.swift */,
				5609F64D226B4EC700F6AF0E /* Environment.swift */,
			);
			path = Configs;
			sourceTree = "<group>";
		};
		5656E1CB226A39AA0065DBEA /* Lists */ = {
			isa = PBXGroup;
			children = (
				5656E1CC226A39C70065DBEA /* ListTests.swift */,
				5621958C226A5D3F00749A31 /* ListsViewControllerTests.swift */,
			);
			path = Lists;
			sourceTree = "<group>";
		};
		566BAC051F6ADBD3005B0E4F /* Storyboards */ = {
			isa = PBXGroup;
			children = (
				566BAC061F6ADBD3005B0E4F /* Launch Screen.storyboard */,
			);
			path = Storyboards;
			sourceTree = "<group>";
		};
		568F7DFC1F2BA0DC00CFDDDD /* TinylogUITests */ = {
			isa = PBXGroup;
			children = (
				568F7E051F2BA12E00CFDDDD /* SnapshotHelper.swift */,
				568F7DFF1F2BA0DC00CFDDDD /* Info.plist */,
				568F7E071F2BA14300CFDDDD /* SnapshotsUITests.swift */,
			);
			path = TinylogUITests;
			sourceTree = "<group>";
		};
		D0366F6B48768776F8771D80 /* Pods */ = {
			isa = PBXGroup;
			children = (
				034E13532B5D4A3280918EFF /* Pods-Tinylog.debug.xcconfig */,
				FDF7C6AD7B0511C94623F0EB /* Pods-Tinylog.release.xcconfig */,
				29E91D341FDF61B134BED598 /* Pods-TinylogTests.debug.xcconfig */,
				A7D4301E616F787A62B48BBD /* Pods-TinylogTests.release.xcconfig */,
			);
			name = Pods;
			sourceTree = "<group>";
		};
		FE50C0480D9EDAF6FAC193E0 /* Frameworks */ = {
			isa = PBXGroup;
			children = (
				CCCB1EEBF9EAC162DF797006 /* Pods_Tinylog.framework */,
				72FDB230F560367662A28D96 /* Pods_TinylogTests.framework */,
			);
			name = Frameworks;
			sourceTree = "<group>";
		};
/* End PBXGroup section */

/* Begin PBXNativeTarget section */
		5628E8C21E85898700AAFD20 /* Tinylog */ = {
			isa = PBXNativeTarget;
			buildConfigurationList = 5628E8E01E85898700AAFD20 /* Build configuration list for PBXNativeTarget "Tinylog" */;
			buildPhases = (
				066E2B78B671887052C70238 /* [CP] Check Pods Manifest.lock */,
				5628E8BF1E85898700AAFD20 /* Sources */,
				5628E8C01E85898700AAFD20 /* Frameworks */,
				5628E8C11E85898700AAFD20 /* Resources */,
				DDFA14B61268A7B4EA5B443B /* [CP] Embed Pods Frameworks */,
				56C7749F1F4D7823008571E1 /* Build Number */,
				56C774A01F4D78CA008571E1 /* Version Number */,
			);
			buildRules = (
			);
			dependencies = (
			);
			name = Tinylog;
			productName = Tinylog;
			productReference = 5628E8C31E85898700AAFD20 /* Tinylog.app */;
			productType = "com.apple.product-type.application";
		};
		5628E8D61E85898700AAFD20 /* TinylogTests */ = {
			isa = PBXNativeTarget;
			buildConfigurationList = 5628E8E31E85898700AAFD20 /* Build configuration list for PBXNativeTarget "TinylogTests" */;
			buildPhases = (
				4DA4AAEB0951FB110641634D /* [CP] Check Pods Manifest.lock */,
				5628E8D31E85898700AAFD20 /* Sources */,
				5628E8D41E85898700AAFD20 /* Frameworks */,
				5628E8D51E85898700AAFD20 /* Resources */,
				8B6809D69B28049ACEE1882D /* [CP] Embed Pods Frameworks */,
			);
			buildRules = (
			);
			dependencies = (
				5628E8D91E85898700AAFD20 /* PBXTargetDependency */,
			);
			name = TinylogTests;
			productName = TinylogTests;
			productReference = 5628E8D71E85898700AAFD20 /* TinylogTests.xctest */;
			productType = "com.apple.product-type.bundle.unit-test";
		};
		568F7DFA1F2BA0DC00CFDDDD /* TinylogUITests */ = {
			isa = PBXNativeTarget;
			buildConfigurationList = 568F7E041F2BA0DC00CFDDDD /* Build configuration list for PBXNativeTarget "TinylogUITests" */;
			buildPhases = (
				568F7DF71F2BA0DC00CFDDDD /* Sources */,
				568F7DF81F2BA0DC00CFDDDD /* Frameworks */,
				568F7DF91F2BA0DC00CFDDDD /* Resources */,
			);
			buildRules = (
			);
			dependencies = (
				568F7E011F2BA0DC00CFDDDD /* PBXTargetDependency */,
			);
			name = TinylogUITests;
			productName = TinylogUITests;
			productReference = 568F7DFB1F2BA0DC00CFDDDD /* TinylogUITests.xctest */;
			productType = "com.apple.product-type.bundle.ui-testing";
		};
/* End PBXNativeTarget section */

/* Begin PBXProject section */
		5628E8BB1E85898700AAFD20 /* Project object */ = {
			isa = PBXProject;
			attributes = {
				LastSwiftUpdateCheck = 0830;
				LastUpgradeCheck = 1020;
				ORGANIZATIONNAME = "Spiros Gerokostas";
				TargetAttributes = {
					5628E8C21E85898700AAFD20 = {
						CreatedOnToolsVersion = 8.2.1;
						DevelopmentTeam = A22EW7MN8G;
						LastSwiftMigration = 1000;
						ProvisioningStyle = Automatic;
						SystemCapabilities = {
							com.apple.BackgroundModes = {
								enabled = 1;
							};
							com.apple.iCloud = {
								enabled = 1;
							};
						};
					};
					5628E8D61E85898700AAFD20 = {
						CreatedOnToolsVersion = 8.2.1;
						DevelopmentTeam = A22EW7MN8G;
						LastSwiftMigration = 1000;
						ProvisioningStyle = Automatic;
						TestTargetID = 5628E8C21E85898700AAFD20;
					};
					568F7DFA1F2BA0DC00CFDDDD = {
						CreatedOnToolsVersion = 8.3.3;
						DevelopmentTeam = A22EW7MN8G;
						LastSwiftMigration = 1000;
						ProvisioningStyle = Automatic;
						TestTargetID = 5628E8C21E85898700AAFD20;
					};
				};
			};
			buildConfigurationList = 5628E8BE1E85898700AAFD20 /* Build configuration list for PBXProject "Tinylog" */;
			compatibilityVersion = "Xcode 3.2";
			developmentRegion = en;
			hasScannedForEncodings = 0;
			knownRegions = (
				en,
				Base,
				de,
			);
			mainGroup = 5628E8BA1E85898700AAFD20;
			productRefGroup = 5628E8C41E85898700AAFD20 /* Products */;
			projectDirPath = "";
			projectRoot = "";
			targets = (
				5628E8C21E85898700AAFD20 /* Tinylog */,
				5628E8D61E85898700AAFD20 /* TinylogTests */,
				568F7DFA1F2BA0DC00CFDDDD /* TinylogUITests */,
			);
		};
/* End PBXProject section */

/* Begin PBXResourcesBuildPhase section */
		5628E8C11E85898700AAFD20 /* Resources */ = {
			isa = PBXResourcesBuildPhase;
			buildActionMask = 2147483647;
			files = (
				566BAC071F6ADBD4005B0E4F /* Launch Screen.storyboard in Resources */,
				566E6A8F226E4A340093783E /* GoogleService-Info.plist in Resources */,
				5609F649226B4DCB00F6AF0E /* Localizable.strings in Resources */,
				5628E8CE1E85898700AAFD20 /* Assets.xcassets in Resources */,
			);
			runOnlyForDeploymentPostprocessing = 0;
		};
		5628E8D51E85898700AAFD20 /* Resources */ = {
			isa = PBXResourcesBuildPhase;
			buildActionMask = 2147483647;
			files = (
			);
			runOnlyForDeploymentPostprocessing = 0;
		};
		568F7DF91F2BA0DC00CFDDDD /* Resources */ = {
			isa = PBXResourcesBuildPhase;
			buildActionMask = 2147483647;
			files = (
			);
			runOnlyForDeploymentPostprocessing = 0;
		};
/* End PBXResourcesBuildPhase section */

/* Begin PBXShellScriptBuildPhase section */
		066E2B78B671887052C70238 /* [CP] Check Pods Manifest.lock */ = {
			isa = PBXShellScriptBuildPhase;
			buildActionMask = 2147483647;
			files = (
			);
			inputPaths = (
				"${PODS_PODFILE_DIR_PATH}/Podfile.lock",
				"${PODS_ROOT}/Manifest.lock",
			);
			name = "[CP] Check Pods Manifest.lock";
			outputPaths = (
				"$(DERIVED_FILE_DIR)/Pods-Tinylog-checkManifestLockResult.txt",
			);
			runOnlyForDeploymentPostprocessing = 0;
			shellPath = /bin/sh;
			shellScript = "diff \"${PODS_PODFILE_DIR_PATH}/Podfile.lock\" \"${PODS_ROOT}/Manifest.lock\" > /dev/null\nif [ $? != 0 ] ; then\n    # print error to STDERR\n    echo \"error: The sandbox is not in sync with the Podfile.lock. Run 'pod install' or update your CocoaPods installation.\" >&2\n    exit 1\nfi\n# This output is used by Xcode 'outputs' to avoid re-running this script phase.\necho \"SUCCESS\" > \"${SCRIPT_OUTPUT_FILE_0}\"\n";
			showEnvVarsInLog = 0;
		};
		4DA4AAEB0951FB110641634D /* [CP] Check Pods Manifest.lock */ = {
			isa = PBXShellScriptBuildPhase;
			buildActionMask = 2147483647;
			files = (
			);
			inputPaths = (
				"${PODS_PODFILE_DIR_PATH}/Podfile.lock",
				"${PODS_ROOT}/Manifest.lock",
			);
			name = "[CP] Check Pods Manifest.lock";
			outputPaths = (
				"$(DERIVED_FILE_DIR)/Pods-TinylogTests-checkManifestLockResult.txt",
			);
			runOnlyForDeploymentPostprocessing = 0;
			shellPath = /bin/sh;
			shellScript = "diff \"${PODS_PODFILE_DIR_PATH}/Podfile.lock\" \"${PODS_ROOT}/Manifest.lock\" > /dev/null\nif [ $? != 0 ] ; then\n    # print error to STDERR\n    echo \"error: The sandbox is not in sync with the Podfile.lock. Run 'pod install' or update your CocoaPods installation.\" >&2\n    exit 1\nfi\n# This output is used by Xcode 'outputs' to avoid re-running this script phase.\necho \"SUCCESS\" > \"${SCRIPT_OUTPUT_FILE_0}\"\n";
			showEnvVarsInLog = 0;
		};
		56C7749F1F4D7823008571E1 /* Build Number */ = {
			isa = PBXShellScriptBuildPhase;
			buildActionMask = 2147483647;
			files = (
			);
			inputPaths = (
			);
			name = "Build Number";
			outputPaths = (
			);
			runOnlyForDeploymentPostprocessing = 0;
			shellPath = /bin/sh;
			shellScript = "\"${SRCROOT}/scripts/update_build_number.sh\"\n";
		};
		56C774A01F4D78CA008571E1 /* Version Number */ = {
			isa = PBXShellScriptBuildPhase;
			buildActionMask = 2147483647;
			files = (
			);
			inputPaths = (
			);
			name = "Version Number";
			outputPaths = (
			);
			runOnlyForDeploymentPostprocessing = 0;
			shellPath = /bin/sh;
			shellScript = "\"${SRCROOT}/scripts/update_version_number.sh\"\n";
		};
		8B6809D69B28049ACEE1882D /* [CP] Embed Pods Frameworks */ = {
			isa = PBXShellScriptBuildPhase;
			buildActionMask = 2147483647;
			files = (
			);
			inputFileListPaths = (
			);
			inputPaths = (
				"${PODS_ROOT}/Target Support Files/Pods-TinylogTests/Pods-TinylogTests-frameworks.sh",
				"${BUILT_PRODUCTS_DIR}/SnapshotTesting/SnapshotTesting.framework",
			);
			name = "[CP] Embed Pods Frameworks";
			outputFileListPaths = (
			);
			outputPaths = (
				"${TARGET_BUILD_DIR}/${FRAMEWORKS_FOLDER_PATH}/SnapshotTesting.framework",
			);
			runOnlyForDeploymentPostprocessing = 0;
			shellPath = /bin/sh;
			shellScript = "\"${PODS_ROOT}/Target Support Files/Pods-TinylogTests/Pods-TinylogTests-frameworks.sh\"\n";
			showEnvVarsInLog = 0;
		};
		DDFA14B61268A7B4EA5B443B /* [CP] Embed Pods Frameworks */ = {
			isa = PBXShellScriptBuildPhase;
			buildActionMask = 2147483647;
			files = (
			);
			inputPaths = (
				"${PODS_ROOT}/Target Support Files/Pods-Tinylog/Pods-Tinylog-frameworks.sh",
				"${BUILT_PRODUCTS_DIR}/Ensembles/Ensembles.framework",
				"${BUILT_PRODUCTS_DIR}/GoogleUtilities/GoogleUtilities.framework",
				"${BUILT_PRODUCTS_DIR}/PureLayout/PureLayout.framework",
				"${BUILT_PRODUCTS_DIR}/Reachability/Reachability.framework",
				"${BUILT_PRODUCTS_DIR}/SGBackgroundView/SGBackgroundView.framework",
				"${BUILT_PRODUCTS_DIR}/SGReachability/SGReachability.framework",
				"${BUILT_PRODUCTS_DIR}/SVProgressHUD/SVProgressHUD.framework",
				"${BUILT_PRODUCTS_DIR}/TTTAttributedLabel/TTTAttributedLabel.framework",
				"${BUILT_PRODUCTS_DIR}/nanopb/nanopb.framework",
			);
			name = "[CP] Embed Pods Frameworks";
			outputPaths = (
				"${TARGET_BUILD_DIR}/${FRAMEWORKS_FOLDER_PATH}/Ensembles.framework",
				"${TARGET_BUILD_DIR}/${FRAMEWORKS_FOLDER_PATH}/GoogleUtilities.framework",
				"${TARGET_BUILD_DIR}/${FRAMEWORKS_FOLDER_PATH}/PureLayout.framework",
				"${TARGET_BUILD_DIR}/${FRAMEWORKS_FOLDER_PATH}/Reachability.framework",
				"${TARGET_BUILD_DIR}/${FRAMEWORKS_FOLDER_PATH}/SGBackgroundView.framework",
				"${TARGET_BUILD_DIR}/${FRAMEWORKS_FOLDER_PATH}/SGReachability.framework",
				"${TARGET_BUILD_DIR}/${FRAMEWORKS_FOLDER_PATH}/SVProgressHUD.framework",
				"${TARGET_BUILD_DIR}/${FRAMEWORKS_FOLDER_PATH}/TTTAttributedLabel.framework",
				"${TARGET_BUILD_DIR}/${FRAMEWORKS_FOLDER_PATH}/nanopb.framework",
			);
			runOnlyForDeploymentPostprocessing = 0;
			shellPath = /bin/sh;
			shellScript = "\"${PODS_ROOT}/Target Support Files/Pods-Tinylog/Pods-Tinylog-frameworks.sh\"\n";
			showEnvVarsInLog = 0;
		};
/* End PBXShellScriptBuildPhase section */

/* Begin PBXSourcesBuildPhase section */
		5628E8BF1E85898700AAFD20 /* Sources */ = {
			isa = PBXSourcesBuildPhase;
			buildActionMask = 2147483647;
			files = (
				5638FC8422744D8200CB4071 /* ListsViewController.swift in Sources */,
				5638FC5B22744CDC00CB4071 /* StepSliderControl.m in Sources */,
				5638FCA222744F8800CB4071 /* TLIDeviceInfo.m in Sources */,
				5638FC8122744D8200CB4071 /* TLIArchiveTasksViewController.swift in Sources */,
				5638FCD02274501700CB4071 /* TLIConstants.swift in Sources */,
				5638FC5F22744CDC00CB4071 /* TLITasksFooterView.swift in Sources */,
				5638FCB222744F9F00CB4071 /* TLITag+CoreDataProperties.swift in Sources */,
				5638FC5422744CDC00CB4071 /* TLIRoundedButton.swift in Sources */,
				5638FC5222744CDC00CB4071 /* TLICircleButton.swift in Sources */,
				5638FC4F22744CDC00CB4071 /* TLIListTableViewCell.swift in Sources */,
				5638FC5C22744CDC00CB4071 /* TLIMenuColorsView.swift in Sources */,
				5638FC9622744F4000CB4071 /* TLIAddTaskViewDelegate.swift in Sources */,
				5638FCC52274500A00CB4071 /* UIImage+Tinylog.swift in Sources */,
				5638FCB722744F9F00CB4071 /* TLINotification+CoreDataProperties.swift in Sources */,
				5638FC5D22744CDC00CB4071 /* TLITouchableView.swift in Sources */,
				5638FCBA22744FC100CB4071 /* TLICoreDataTableViewController.swift in Sources */,
				5638FC8C22744F2200CB4071 /* PlistInfo.swift in Sources */,
				5638FCB422744F9F00CB4071 /* TLITag.swift in Sources */,
				5638FCAF22744F9F00CB4071 /* TLITask+CoreDataProperties.swift in Sources */,
				5638FC5E22744CDC00CB4071 /* SGTextField.swift in Sources */,
				5638FC5122744CDC00CB4071 /* TLITableViewCell.swift in Sources */,
				5638FC5022744CDC00CB4071 /* TLITextFieldCell.swift in Sources */,
				5638FC5622744CDC00CB4071 /* TLICloseButton.swift in Sources */,
				5609F64E226B4EC700F6AF0E /* Environment.swift in Sources */,
				5638FCC72274500A00CB4071 /* String+Tinylog.swift in Sources */,
				5638FC9722744F4000CB4071 /* TLIEditTaskViewControllerDelegate.swift in Sources */,
				5638FC7922744D8200CB4071 /* TLIGroupedTableViewController.swift in Sources */,
				5638FC5A22744CDC00CB4071 /* ListsFooterView.swift in Sources */,
				5638FCCF2274501700CB4071 /* TLIAppDelegate.swift in Sources */,
				565DA7931E86999A00C6E60C /* Tinylog.xcdatamodeld in Sources */,
				5638FC7A22744D8200CB4071 /* TLISettingsTableViewController.swift in Sources */,
				5638FC8222744D8200CB4071 /* TLIArchiveViewController.swift in Sources */,
				5638FC5722744CDC00CB4071 /* TLICheckBoxButton.swift in Sources */,
				56119AED226F90EA00F8D798 /* CoreDataManager.swift in Sources */,
				5638FC4E22744CDC00CB4071 /* TLITaskTableViewCell.swift in Sources */,
				5638FC5522744CDC00CB4071 /* TLIArchiveButton.swift in Sources */,
				5638FC9B22744F7C00CB4071 /* Language.swift in Sources */,
				5638FCC92274500A00CB4071 /* DispatchQueue+Tinylog.swift in Sources */,
				5638FCB322744F9F00CB4071 /* TLITask.swift in Sources */,
				5638FC5322744CDC00CB4071 /* TLIExportTasksButton.swift in Sources */,
				5638FCCB2274500A00CB4071 /* UIFont+Tinylog.swift in Sources */,
				561A25BE2116EBE500B28644 /* Secrets.swift in Sources */,
				5638FCC62274500A00CB4071 /* UIColor+Tinylog.swift in Sources */,
				5638FC6022744CDC00CB4071 /* TLIKeyboardBar.swift in Sources */,
				5638FC8622744D8200CB4071 /* SetupViewController.swift in Sources */,
				5638FC6122744CDC00CB4071 /* TLIAddTaskView.swift in Sources */,
				5638FC8A22744ECF00CB4071 /* Utils.swift in Sources */,
				5638FC7B22744D8200CB4071 /* TLIHelpTableViewController.swift in Sources */,
				5638FC7F22744D8200CB4071 /* TLIEditTaskViewController.swift in Sources */,
				5638FC8322744D8200CB4071 /* ResultsTableViewController.swift in Sources */,
				5638FC9522744F4000CB4071 /* TLITextFieldCellDelegate.swift in Sources */,
				5638FC7D22744D8200CB4071 /* TLISettingsFontPickerViewController.swift in Sources */,
				5638FC9322744F4000CB4071 /* UserDefaultsType.swift in Sources */,
				5638FC8722744D8200CB4071 /* TLISplitViewController.swift in Sources */,
				5638FC5822744CDC00CB4071 /* TLIAddListButton.swift in Sources */,
				5638FCB622744F9F00CB4071 /* TLIMention.swift in Sources */,
				5638FC4D22744CDC00CB4071 /* TLIHelpTableViewCell.swift in Sources */,
				5638FCCA2274500A00CB4071 /* UIViewController+Tinylog.swift in Sources */,
				5638FC7C22744D8200CB4071 /* TLIAboutViewController.swift in Sources */,
				5638FCB022744F9F00CB4071 /* TLINotification.swift in Sources */,
				5638FC9A22744F7C00CB4071 /* LocalizedString.swift in Sources */,
				5638FC8022744D8200CB4071 /* TLITasksViewController.swift in Sources */,
				5638FC9422744F4000CB4071 /* TLIAddListViewControllerDelegate.swift in Sources */,
				5638FCD82274503500CB4071 /* TLISyncManager.m in Sources */,
				5638FCA122744F8800CB4071 /* TLIDrawingUtils.m in Sources */,
				5638FCB122744F9F00CB4071 /* TLIList+CoreDataProperties.swift in Sources */,
				5638FC7E22744D8200CB4071 /* TLITextSizeViewController.swift in Sources */,
				5638FC4C22744CDC00CB4071 /* TLIGroupedTableViewCell.swift in Sources */,
				5638FCAE22744F9F00CB4071 /* TLIMention+CoreDataProperties.swift in Sources */,
				5638FCB522744F9F00CB4071 /* TLIList.swift in Sources */,
				5638FC5922744CDC00CB4071 /* TLITextField.m in Sources */,
				5638FC8522744D8200CB4071 /* AddListViewController.swift in Sources */,
				5638FCC82274500A00CB4071 /* NSDate+Utilities.m in Sources */,
			);
			runOnlyForDeploymentPostprocessing = 0;
		};
		5628E8D31E85898700AAFD20 /* Sources */ = {
			isa = PBXSourcesBuildPhase;
			buildActionMask = 2147483647;
			files = (
				5628E8DC1E85898700AAFD20 /* EnvironmentTests.swift in Sources */,
				5638FC2E227443E600CB4071 /* SetupViewControllerTests.swift in Sources */,
				5621958D226A5D3F00749A31 /* ListsViewControllerTests.swift in Sources */,
				56892691226C767A00D952A6 /* FindColorByNameTests.swift in Sources */,
				5609F65B226B552300F6AF0E /* XCTestCase+Environment.swift in Sources */,
				5609F65D226B56A900F6AF0E /* LocalizedStringTests.swift in Sources */,
				5656E1CD226A39C70065DBEA /* ListTests.swift in Sources */,
			);
			runOnlyForDeploymentPostprocessing = 0;
		};
		568F7DF71F2BA0DC00CFDDDD /* Sources */ = {
			isa = PBXSourcesBuildPhase;
			buildActionMask = 2147483647;
			files = (
				568F7E061F2BA12E00CFDDDD /* SnapshotHelper.swift in Sources */,
				568F7E081F2BA14300CFDDDD /* SnapshotsUITests.swift in Sources */,
			);
			runOnlyForDeploymentPostprocessing = 0;
		};
/* End PBXSourcesBuildPhase section */

/* Begin PBXTargetDependency section */
		5628E8D91E85898700AAFD20 /* PBXTargetDependency */ = {
			isa = PBXTargetDependency;
			target = 5628E8C21E85898700AAFD20 /* Tinylog */;
			targetProxy = 5628E8D81E85898700AAFD20 /* PBXContainerItemProxy */;
		};
		568F7E011F2BA0DC00CFDDDD /* PBXTargetDependency */ = {
			isa = PBXTargetDependency;
			target = 5628E8C21E85898700AAFD20 /* Tinylog */;
			targetProxy = 568F7E001F2BA0DC00CFDDDD /* PBXContainerItemProxy */;
		};
/* End PBXTargetDependency section */

/* Begin PBXVariantGroup section */
		5609F647226B4DCB00F6AF0E /* Localizable.strings */ = {
			isa = PBXVariantGroup;
			children = (
				5609F648226B4DCB00F6AF0E /* Base */,
				5609F64A226B4E0200F6AF0E /* de */,
			);
			name = Localizable.strings;
			sourceTree = "<group>";
		};
/* End PBXVariantGroup section */

/* Begin XCBuildConfiguration section */
		5628E8DE1E85898700AAFD20 /* Debug */ = {
			isa = XCBuildConfiguration;
			buildSettings = {
				ALWAYS_SEARCH_USER_PATHS = NO;
				CLANG_ANALYZER_LOCALIZABILITY_NONLOCALIZED = YES;
				CLANG_ANALYZER_NONNULL = YES;
				CLANG_CXX_LANGUAGE_STANDARD = "gnu++0x";
				CLANG_CXX_LIBRARY = "libc++";
				CLANG_ENABLE_MODULES = YES;
				CLANG_ENABLE_OBJC_ARC = YES;
				CLANG_WARN_BLOCK_CAPTURE_AUTORELEASING = YES;
				CLANG_WARN_BOOL_CONVERSION = YES;
				CLANG_WARN_COMMA = YES;
				CLANG_WARN_CONSTANT_CONVERSION = YES;
				CLANG_WARN_DEPRECATED_OBJC_IMPLEMENTATIONS = YES;
				CLANG_WARN_DIRECT_OBJC_ISA_USAGE = YES_ERROR;
				CLANG_WARN_DOCUMENTATION_COMMENTS = YES;
				CLANG_WARN_EMPTY_BODY = YES;
				CLANG_WARN_ENUM_CONVERSION = YES;
				CLANG_WARN_INFINITE_RECURSION = YES;
				CLANG_WARN_INT_CONVERSION = YES;
				CLANG_WARN_NON_LITERAL_NULL_CONVERSION = YES;
				CLANG_WARN_OBJC_IMPLICIT_RETAIN_SELF = YES;
				CLANG_WARN_OBJC_LITERAL_CONVERSION = YES;
				CLANG_WARN_OBJC_ROOT_CLASS = YES_ERROR;
				CLANG_WARN_RANGE_LOOP_ANALYSIS = YES;
				CLANG_WARN_STRICT_PROTOTYPES = YES;
				CLANG_WARN_SUSPICIOUS_MOVE = YES;
				CLANG_WARN_UNREACHABLE_CODE = YES;
				CLANG_WARN__DUPLICATE_METHOD_MATCH = YES;
				"CODE_SIGN_IDENTITY[sdk=iphoneos*]" = "iPhone Developer";
				COPY_PHASE_STRIP = NO;
				DEBUG_INFORMATION_FORMAT = dwarf;
				ENABLE_STRICT_OBJC_MSGSEND = YES;
				ENABLE_TESTABILITY = YES;
				GCC_C_LANGUAGE_STANDARD = gnu99;
				GCC_DYNAMIC_NO_PIC = NO;
				GCC_NO_COMMON_BLOCKS = YES;
				GCC_OPTIMIZATION_LEVEL = 0;
				GCC_PREPROCESSOR_DEFINITIONS = (
					"DEBUG=1",
					"$(inherited)",
				);
				GCC_WARN_64_TO_32_BIT_CONVERSION = YES;
				GCC_WARN_ABOUT_RETURN_TYPE = YES_ERROR;
				GCC_WARN_UNDECLARED_SELECTOR = YES;
				GCC_WARN_UNINITIALIZED_AUTOS = YES_AGGRESSIVE;
				GCC_WARN_UNUSED_FUNCTION = YES;
				GCC_WARN_UNUSED_VARIABLE = YES;
				IPHONEOS_DEPLOYMENT_TARGET = 11.0;
				MTL_ENABLE_DEBUG_INFO = YES;
				ONLY_ACTIVE_ARCH = YES;
				SDKROOT = iphoneos;
				SWIFT_ACTIVE_COMPILATION_CONDITIONS = DEBUG;
				SWIFT_OPTIMIZATION_LEVEL = "-Onone";
				TARGETED_DEVICE_FAMILY = "1,2";
			};
			name = Debug;
		};
		5628E8DF1E85898700AAFD20 /* Release */ = {
			isa = XCBuildConfiguration;
			buildSettings = {
				ALWAYS_SEARCH_USER_PATHS = NO;
				CLANG_ANALYZER_LOCALIZABILITY_NONLOCALIZED = YES;
				CLANG_ANALYZER_NONNULL = YES;
				CLANG_CXX_LANGUAGE_STANDARD = "gnu++0x";
				CLANG_CXX_LIBRARY = "libc++";
				CLANG_ENABLE_MODULES = YES;
				CLANG_ENABLE_OBJC_ARC = YES;
				CLANG_WARN_BLOCK_CAPTURE_AUTORELEASING = YES;
				CLANG_WARN_BOOL_CONVERSION = YES;
				CLANG_WARN_COMMA = YES;
				CLANG_WARN_CONSTANT_CONVERSION = YES;
				CLANG_WARN_DEPRECATED_OBJC_IMPLEMENTATIONS = YES;
				CLANG_WARN_DIRECT_OBJC_ISA_USAGE = YES_ERROR;
				CLANG_WARN_DOCUMENTATION_COMMENTS = YES;
				CLANG_WARN_EMPTY_BODY = YES;
				CLANG_WARN_ENUM_CONVERSION = YES;
				CLANG_WARN_INFINITE_RECURSION = YES;
				CLANG_WARN_INT_CONVERSION = YES;
				CLANG_WARN_NON_LITERAL_NULL_CONVERSION = YES;
				CLANG_WARN_OBJC_IMPLICIT_RETAIN_SELF = YES;
				CLANG_WARN_OBJC_LITERAL_CONVERSION = YES;
				CLANG_WARN_OBJC_ROOT_CLASS = YES_ERROR;
				CLANG_WARN_RANGE_LOOP_ANALYSIS = YES;
				CLANG_WARN_STRICT_PROTOTYPES = YES;
				CLANG_WARN_SUSPICIOUS_MOVE = YES;
				CLANG_WARN_UNREACHABLE_CODE = YES;
				CLANG_WARN__DUPLICATE_METHOD_MATCH = YES;
				"CODE_SIGN_IDENTITY[sdk=iphoneos*]" = "iPhone Developer";
				COPY_PHASE_STRIP = NO;
				DEBUG_INFORMATION_FORMAT = "dwarf-with-dsym";
				ENABLE_NS_ASSERTIONS = NO;
				ENABLE_STRICT_OBJC_MSGSEND = YES;
				GCC_C_LANGUAGE_STANDARD = gnu99;
				GCC_NO_COMMON_BLOCKS = YES;
				GCC_WARN_64_TO_32_BIT_CONVERSION = YES;
				GCC_WARN_ABOUT_RETURN_TYPE = YES_ERROR;
				GCC_WARN_UNDECLARED_SELECTOR = YES;
				GCC_WARN_UNINITIALIZED_AUTOS = YES_AGGRESSIVE;
				GCC_WARN_UNUSED_FUNCTION = YES;
				GCC_WARN_UNUSED_VARIABLE = YES;
				IPHONEOS_DEPLOYMENT_TARGET = 11.0;
				MTL_ENABLE_DEBUG_INFO = NO;
				SDKROOT = iphoneos;
				SWIFT_OPTIMIZATION_LEVEL = "-Owholemodule";
				TARGETED_DEVICE_FAMILY = "1,2";
				VALIDATE_PRODUCT = YES;
			};
			name = Release;
		};
		5628E8E11E85898700AAFD20 /* Debug */ = {
			isa = XCBuildConfiguration;
			baseConfigurationReference = 034E13532B5D4A3280918EFF /* Pods-Tinylog.debug.xcconfig */;
			buildSettings = {
				ASSETCATALOG_COMPILER_APPICON_NAME = AppIcon;
				CLANG_ENABLE_MODULES = YES;
				CODE_SIGN_ENTITLEMENTS = Tinylog/Tinylog.entitlements;
				DEVELOPMENT_TEAM = A22EW7MN8G;
				INFOPLIST_FILE = Tinylog/Info.plist;
				IPHONEOS_DEPLOYMENT_TARGET = 11.0;
				LD_RUNPATH_SEARCH_PATHS = "$(inherited) @executable_path/Frameworks";
				PRODUCT_BUNDLE_IDENTIFIER = com.spirosgerokostas.Tinylog;
				PRODUCT_NAME = "$(TARGET_NAME)";
				SWIFT_OBJC_BRIDGING_HEADER = "Tinylog/Tinylog-Bridging-Header.h";
				SWIFT_OPTIMIZATION_LEVEL = "-Onone";
				SWIFT_VERSION = 5.0;
			};
			name = Debug;
		};
		5628E8E21E85898700AAFD20 /* Release */ = {
			isa = XCBuildConfiguration;
			baseConfigurationReference = FDF7C6AD7B0511C94623F0EB /* Pods-Tinylog.release.xcconfig */;
			buildSettings = {
				ASSETCATALOG_COMPILER_APPICON_NAME = AppIcon;
				CLANG_ENABLE_MODULES = YES;
				CODE_SIGN_ENTITLEMENTS = Tinylog/Tinylog.entitlements;
				CODE_SIGN_IDENTITY = "";
				"CODE_SIGN_IDENTITY[sdk=iphoneos*]" = "iPhone Developer";
				DEVELOPMENT_TEAM = A22EW7MN8G;
				INFOPLIST_FILE = Tinylog/Info.plist;
				IPHONEOS_DEPLOYMENT_TARGET = 11.0;
				LD_RUNPATH_SEARCH_PATHS = "$(inherited) @executable_path/Frameworks";
				PRODUCT_BUNDLE_IDENTIFIER = com.spirosgerokostas.Tinylog;
				PRODUCT_NAME = "$(TARGET_NAME)";
				SWIFT_OBJC_BRIDGING_HEADER = "Tinylog/Tinylog-Bridging-Header.h";
				SWIFT_VERSION = 5.0;
			};
			name = Release;
		};
		5628E8E41E85898700AAFD20 /* Debug */ = {
			isa = XCBuildConfiguration;
			baseConfigurationReference = 29E91D341FDF61B134BED598 /* Pods-TinylogTests.debug.xcconfig */;
			buildSettings = {
				ALWAYS_EMBED_SWIFT_STANDARD_LIBRARIES = "$(inherited)";
				BUNDLE_LOADER = "$(TEST_HOST)";
				DEVELOPMENT_TEAM = A22EW7MN8G;
				INFOPLIST_FILE = TinylogTests/Info.plist;
				LD_RUNPATH_SEARCH_PATHS = "$(inherited) @executable_path/Frameworks @loader_path/Frameworks";
				PRODUCT_BUNDLE_IDENTIFIER = com.spirosgerokostas.TinylogTests;
				PRODUCT_NAME = "$(TARGET_NAME)";
				SWIFT_VERSION = 5.0;
				TEST_HOST = "$(BUILT_PRODUCTS_DIR)/Tinylog.app/Tinylog";
			};
			name = Debug;
		};
		5628E8E51E85898700AAFD20 /* Release */ = {
			isa = XCBuildConfiguration;
			baseConfigurationReference = A7D4301E616F787A62B48BBD /* Pods-TinylogTests.release.xcconfig */;
			buildSettings = {
				ALWAYS_EMBED_SWIFT_STANDARD_LIBRARIES = "$(inherited)";
				BUNDLE_LOADER = "$(TEST_HOST)";
				DEVELOPMENT_TEAM = A22EW7MN8G;
				INFOPLIST_FILE = TinylogTests/Info.plist;
				LD_RUNPATH_SEARCH_PATHS = "$(inherited) @executable_path/Frameworks @loader_path/Frameworks";
				PRODUCT_BUNDLE_IDENTIFIER = com.spirosgerokostas.TinylogTests;
				PRODUCT_NAME = "$(TARGET_NAME)";
				SWIFT_VERSION = 5.0;
				TEST_HOST = "$(BUILT_PRODUCTS_DIR)/Tinylog.app/Tinylog";
			};
			name = Release;
		};
		568F7E021F2BA0DC00CFDDDD /* Debug */ = {
			isa = XCBuildConfiguration;
			buildSettings = {
				CLANG_ANALYZER_NUMBER_OBJECT_CONVERSION = YES_AGGRESSIVE;
				DEVELOPMENT_TEAM = A22EW7MN8G;
				INFOPLIST_FILE = TinylogUITests/Info.plist;
				IPHONEOS_DEPLOYMENT_TARGET = 10.3;
				LD_RUNPATH_SEARCH_PATHS = "$(inherited) @executable_path/Frameworks @loader_path/Frameworks";
				PRODUCT_BUNDLE_IDENTIFIER = com.spirosgerokostas.TinylogUITests;
				PRODUCT_NAME = "$(TARGET_NAME)";
				SWIFT_VERSION = 5.0;
				TEST_TARGET_NAME = Tinylog;
			};
			name = Debug;
		};
		568F7E031F2BA0DC00CFDDDD /* Release */ = {
			isa = XCBuildConfiguration;
			buildSettings = {
				CLANG_ANALYZER_NUMBER_OBJECT_CONVERSION = YES_AGGRESSIVE;
				DEVELOPMENT_TEAM = A22EW7MN8G;
				INFOPLIST_FILE = TinylogUITests/Info.plist;
				IPHONEOS_DEPLOYMENT_TARGET = 10.3;
				LD_RUNPATH_SEARCH_PATHS = "$(inherited) @executable_path/Frameworks @loader_path/Frameworks";
				PRODUCT_BUNDLE_IDENTIFIER = com.spirosgerokostas.TinylogUITests;
				PRODUCT_NAME = "$(TARGET_NAME)";
				SWIFT_VERSION = 5.0;
				TEST_TARGET_NAME = Tinylog;
			};
			name = Release;
		};
/* End XCBuildConfiguration section */

/* Begin XCConfigurationList section */
		5628E8BE1E85898700AAFD20 /* Build configuration list for PBXProject "Tinylog" */ = {
			isa = XCConfigurationList;
			buildConfigurations = (
				5628E8DE1E85898700AAFD20 /* Debug */,
				5628E8DF1E85898700AAFD20 /* Release */,
			);
			defaultConfigurationIsVisible = 0;
			defaultConfigurationName = Release;
		};
		5628E8E01E85898700AAFD20 /* Build configuration list for PBXNativeTarget "Tinylog" */ = {
			isa = XCConfigurationList;
			buildConfigurations = (
				5628E8E11E85898700AAFD20 /* Debug */,
				5628E8E21E85898700AAFD20 /* Release */,
			);
			defaultConfigurationIsVisible = 0;
			defaultConfigurationName = Release;
		};
		5628E8E31E85898700AAFD20 /* Build configuration list for PBXNativeTarget "TinylogTests" */ = {
			isa = XCConfigurationList;
			buildConfigurations = (
				5628E8E41E85898700AAFD20 /* Debug */,
				5628E8E51E85898700AAFD20 /* Release */,
			);
			defaultConfigurationIsVisible = 0;
			defaultConfigurationName = Release;
		};
		568F7E041F2BA0DC00CFDDDD /* Build configuration list for PBXNativeTarget "TinylogUITests" */ = {
			isa = XCConfigurationList;
			buildConfigurations = (
				568F7E021F2BA0DC00CFDDDD /* Debug */,
				568F7E031F2BA0DC00CFDDDD /* Release */,
			);
			defaultConfigurationIsVisible = 0;
			defaultConfigurationName = Release;
		};
/* End XCConfigurationList section */

/* Begin XCVersionGroup section */
		565DA78B1E86999A00C6E60C /* Tinylog.xcdatamodeld */ = {
			isa = XCVersionGroup;
			children = (
				565DA78C1E86999A00C6E60C /* Tinylog 2.xcdatamodel */,
				565DA78D1E86999A00C6E60C /* Tinylog 3.xcdatamodel */,
				565DA78E1E86999A00C6E60C /* Tinylog 4.xcdatamodel */,
				565DA78F1E86999A00C6E60C /* Tinylog 5.xcdatamodel */,
				565DA7901E86999A00C6E60C /* Tinylog 6.xcdatamodel */,
				565DA7911E86999A00C6E60C /* Tinylog 7.xcdatamodel */,
				565DA7921E86999A00C6E60C /* Tinylog.xcdatamodel */,
			);
			currentVersion = 565DA7901E86999A00C6E60C /* Tinylog 6.xcdatamodel */;
			path = Tinylog.xcdatamodeld;
			sourceTree = "<group>";
			versionGroupType = wrapper.xcdatamodel;
		};
/* End XCVersionGroup section */
	};
	rootObject = 5628E8BB1E85898700AAFD20 /* Project object */;
}
