PODS:
  - Ensembles (1.10):
    - Ensembles/Core (= 1.10)
  - Ensembles/Core (1.10)
  - Firebase/Analytics (10.4.0):
    - Firebase/Core
  - Firebase/Core (10.4.0):
    - Firebase/CoreOnly
    - FirebaseAnalytics (~> 10.4.0)
  - Firebase/CoreOnly (10.4.0):
    - FirebaseCore (= 10.4.0)
  - Firebase/Crashlytics (10.4.0):
    - Firebase/CoreOnly
    - FirebaseCrashlytics (~> 10.4.0)
  - FirebaseAnalytics (10.4.0):
    - FirebaseAnalytics/AdIdSupport (= 10.4.0)
    - FirebaseCore (~> 10.0)
    - FirebaseInstallations (~> 10.0)
    - GoogleUtilities/AppDelegateSwizzler (~> 7.8)
    - GoogleUtilities/MethodSwizzler (~> 7.8)
    - GoogleUtilities/Network (~> 7.8)
    - "GoogleUtilities/NSData+zlib (~> 7.8)"
    - nanopb (< 2.30910.0, >= 2.30908.0)
  - FirebaseAnalytics/AdIdSupport (10.4.0):
    - FirebaseCore (~> 10.0)
    - FirebaseInstallations (~> 10.0)
    - GoogleAppMeasurement (= 10.4.0)
    - GoogleUtilities/AppDelegateSwizzler (~> 7.8)
    - GoogleUtilities/MethodSwizzler (~> 7.8)
    - GoogleUtilities/Network (~> 7.8)
    - "GoogleUtilities/NSData+zlib (~> 7.8)"
    - nanopb (< 2.30910.0, >= 2.30908.0)
  - FirebaseCore (10.4.0):
    - FirebaseCoreInternal (~> 10.0)
    - GoogleUtilities/Environment (~> 7.8)
    - GoogleUtilities/Logger (~> 7.8)
  - FirebaseCoreInternal (10.4.0):
    - "GoogleUtilities/NSData+zlib (~> 7.8)"
  - FirebaseCrashlytics (10.4.0):
    - FirebaseCore (~> 10.0)
    - FirebaseInstallations (~> 10.0)
    - GoogleDataTransport (~> 9.2)
    - GoogleUtilities/Environment (~> 7.8)
    - nanopb (< 2.30910.0, >= 2.30908.0)
    - PromisesObjC (~> 2.1)
  - FirebaseInstallations (10.4.0):
    - FirebaseCore (~> 10.0)
    - GoogleUtilities/Environment (~> 7.8)
    - GoogleUtilities/UserDefaults (~> 7.8)
    - PromisesObjC (~> 2.1)
  - GoogleAppMeasurement (10.4.0):
    - GoogleAppMeasurement/AdIdSupport (= 10.4.0)
    - GoogleUtilities/AppDelegateSwizzler (~> 7.8)
    - GoogleUtilities/MethodSwizzler (~> 7.8)
    - GoogleUtilities/Network (~> 7.8)
    - "GoogleUtilities/NSData+zlib (~> 7.8)"
    - nanopb (< 2.30910.0, >= 2.30908.0)
  - GoogleAppMeasurement/AdIdSupport (10.4.0):
    - GoogleAppMeasurement/WithoutAdIdSupport (= 10.4.0)
    - GoogleUtilities/AppDelegateSwizzler (~> 7.8)
    - GoogleUtilities/MethodSwizzler (~> 7.8)
    - GoogleUtilities/Network (~> 7.8)
    - "GoogleUtilities/NSData+zlib (~> 7.8)"
    - nanopb (< 2.30910.0, >= 2.30908.0)
  - GoogleAppMeasurement/WithoutAdIdSupport (10.4.0):
    - GoogleUtilities/AppDelegateSwizzler (~> 7.8)
    - GoogleUtilities/MethodSwizzler (~> 7.8)
    - GoogleUtilities/Network (~> 7.8)
    - "GoogleUtilities/NSData+zlib (~> 7.8)"
    - nanopb (< 2.30910.0, >= 2.30908.0)
  - GoogleDataTransport (9.2.1):
    - GoogleUtilities/Environment (~> 7.7)
    - nanopb (< 2.30910.0, >= 2.30908.0)
    - PromisesObjC (< 3.0, >= 1.2)
  - GoogleUtilities/AppDelegateSwizzler (7.11.0):
    - GoogleUtilities/Environment
    - GoogleUtilities/Logger
    - GoogleUtilities/Network
  - GoogleUtilities/Environment (7.11.0):
    - PromisesObjC (< 3.0, >= 1.2)
  - GoogleUtilities/Logger (7.11.0):
    - GoogleUtilities/Environment
  - GoogleUtilities/MethodSwizzler (7.11.0):
    - GoogleUtilities/Logger
  - GoogleUtilities/Network (7.11.0):
    - GoogleUtilities/Logger
    - "GoogleUtilities/NSData+zlib"
    - GoogleUtilities/Reachability
  - "GoogleUtilities/NSData+zlib (7.11.0)"
  - GoogleUtilities/Reachability (7.11.0):
    - GoogleUtilities/Logger
  - GoogleUtilities/UserDefaults (7.11.0):
    - GoogleUtilities/Logger
  - nanopb (2.30909.0):
    - nanopb/decode (= 2.30909.0)
    - nanopb/encode (= 2.30909.0)
  - nanopb/decode (2.30909.0)
  - nanopb/encode (2.30909.0)
  - Nantes (0.1.2)
  - PromisesObjC (2.1.1)
  - ReachabilitySwift (5.0.0)
  - SnapKit (5.0.1)
  - SnapshotTesting (1.9.0)
  - SVProgressHUD (2.2.5)
  - SwiftLint (0.50.3)

DEPENDENCIES:
  - Ensembles (~> 1.0)
  - Firebase/Analytics
  - Firebase/Crashlytics
  - Nantes
  - ReachabilitySwift
  - SnapKit (~> 5.0.0)
  - SnapshotTesting
  - SVProgressHUD
  - SwiftLint

SPEC REPOS:
  trunk:
    - Ensembles
    - Firebase
    - FirebaseAnalytics
    - FirebaseCore
    - FirebaseCoreInternal
    - FirebaseCrashlytics
    - FirebaseInstallations
    - GoogleAppMeasurement
    - GoogleDataTransport
    - GoogleUtilities
    - nanopb
    - Nantes
    - PromisesObjC
    - ReachabilitySwift
    - SnapKit
    - SnapshotTesting
    - SVProgressHUD
    - SwiftLint

SPEC CHECKSUMS:
  Ensembles: 57868c7d1642d8a52bb88f13d1dc2460dd62e39b
  Firebase: ba3501b5142a57747eac74d27c96d2b313bdec90
  FirebaseAnalytics: 0be84b933ca3222bca03e8cccf020ad9b1c3c6ff
  FirebaseCore: b8697a177690b69b0dbce9d612b69b893be70469
  FirebaseCoreInternal: e301297f4c15a17489e48ed722d733b1578e0c02
  FirebaseCrashlytics: 52e821fd4d36eba20a251a53549c2778b455f360
  FirebaseInstallations: 36b38c733fd37e50857e5e8d74138648f466f18c
  GoogleAppMeasurement: 173fa22ce7d62c29332568e853b39b2525a0e584
  GoogleDataTransport: ea169759df570f4e37bdee1623ec32a7e64e67c4
  GoogleUtilities: c2bdc4cf2ce786c4d2e6b3bcfd599a25ca78f06f
  nanopb: b552cce312b6c8484180ef47159bc0f65a1f0431
  Nantes: 0396442578e32242223fed46050dea1850236184
  PromisesObjC: ab77feca74fa2823e7af4249b8326368e61014cb
  ReachabilitySwift: 985039c6f7b23a1da463388634119492ff86c825
  SnapKit: 97b92857e3df3a0c71833cce143274bf6ef8e5eb
  SnapshotTesting: 6141c48b6aa76ead61431ca665c14ab9a066c53b
  SVProgressHUD: 1428aafac632c1f86f62aa4243ec12008d7a51d6
  SwiftLint: 77f7cb2b9bb81ab4a12fcc86448ba3f11afa50c6

PODFILE CHECKSUM: 07fb156482bbc817c1df83db8b3c15bdc7067b0d

COCOAPODS: 1.11.3
